// !$*UTF8*$!
{
	archiveVersion = 1;
	classes = {
	};
	objectVersion = 56;
	objects = {

/* Begin PBXBuildFile section */
		02EF0C94C24F808B94C15607 /* Pods_SportNews.framework in Frameworks */ = {isa = PBXBuildFile; fileRef = F32333B1A65578E793CCA19F /* Pods_SportNews.framework */; };
		542C33B02986E25000F088FC /* NewsOverviewDetailsViewController.swift in Sources */ = {isa = PBXBuildFile; fileRef = 542C33AF2986E25000F088FC /* NewsOverviewDetailsViewController.swift */; };
		542C33B22986E26400F088FC /* NewsOverviewDetailsViewController.xib in Resources */ = {isa = PBXBuildFile; fileRef = 542C33B12986E26400F088FC /* NewsOverviewDetailsViewController.xib */; };
		542C33B42986E2A500F088FC /* NewsOverviewDetailsViewModel.swift in Sources */ = {isa = PBXBuildFile; fileRef = 542C33B32986E2A500F088FC /* NewsOverviewDetailsViewModel.swift */; };
		544F23CF298531D40033E920 /* .swiftlint.yml in Resources */ = {isa = PBXBuildFile; fileRef = 544F23CE298531D40033E920 /* .swiftlint.yml */; };
		544F23EE298548A50033E920 /* AppFlowCoordinator.swift in Sources */ = {isa = PBXBuildFile; fileRef = 544F23ED298548A50033E920 /* AppFlowCoordinator.swift */; };
		544F23F0298548DB0033E920 /* Coordinator.swift in Sources */ = {isa = PBXBuildFile; fileRef = 544F23EF298548DB0033E920 /* Coordinator.swift */; };
		544F23F2298549250033E920 /* AppAppearance.swift in Sources */ = {isa = PBXBuildFile; fileRef = 544F23F1298549250033E920 /* AppAppearance.swift */; };
		544F23F52985497F0033E920 /* Cancellable.swift in Sources */ = {isa = PBXBuildFile; fileRef = 544F23F42985497F0033E920 /* Cancellable.swift */; };
		544F23F7298549890033E920 /* ConnectionError.swift in Sources */ = {isa = PBXBuildFile; fileRef = 544F23F6298549890033E920 /* ConnectionError.swift */; };
		544F240129854A430033E920 /* RepositoryTask.swift in Sources */ = {isa = PBXBuildFile; fileRef = 544F23FE29854A430033E920 /* RepositoryTask.swift */; };
		544F240229854A430033E920 /* Strings + Extensions.swift in Sources */ = {isa = PBXBuildFile; fileRef = 544F23FF29854A430033E920 /* Strings + Extensions.swift */; };
		544F240329854A430033E920 /* Array + Extensions .swift in Sources */ = {isa = PBXBuildFile; fileRef = 544F240029854A430033E920 /* Array + Extensions .swift */; };
		544F240829854CE00033E920 /* ApiEndPoints.swift in Sources */ = {isa = PBXBuildFile; fileRef = 544F240729854CE00033E920 /* ApiEndPoints.swift */; };
		544F240B29854E3D0033E920 /* NewsOverviewResponseDTO.swift in Sources */ = {isa = PBXBuildFile; fileRef = 544F240A29854E3D0033E920 /* NewsOverviewResponseDTO.swift */; };
		544F240D29854FF90033E920 /* NewsOverviewRepository.swift in Sources */ = {isa = PBXBuildFile; fileRef = 544F240C29854FF90033E920 /* NewsOverviewRepository.swift */; };
		544F240F298550470033E920 /* DefaultNewsOverviewRepository.swift in Sources */ = {isa = PBXBuildFile; fileRef = 544F240E298550470033E920 /* DefaultNewsOverviewRepository.swift */; };
		544F241D298553DC0033E920 /* Logger.swift in Sources */ = {isa = PBXBuildFile; fileRef = 544F241C298553DC0033E920 /* Logger.swift */; };
		544F241F2985574F0033E920 /* NewsOverviewSceneDIContainer.swift in Sources */ = {isa = PBXBuildFile; fileRef = 544F241E2985574F0033E920 /* NewsOverviewSceneDIContainer.swift */; };
		544F24242985580D0033E920 /* UseCase.swift in Sources */ = {isa = PBXBuildFile; fileRef = 544F24232985580D0033E920 /* UseCase.swift */; };
		544F2426298558900033E920 /* DefaultNewsOverviewUseCase.swift in Sources */ = {isa = PBXBuildFile; fileRef = 544F2425298558900033E920 /* DefaultNewsOverviewUseCase.swift */; };
		544F242929855E420033E920 /* NewsOverviewViewController.swift in Sources */ = {isa = PBXBuildFile; fileRef = 544F242829855E420033E920 /* NewsOverviewViewController.swift */; };
		544F242B29855E6E0033E920 /* NewsOverviewViewModel.swift in Sources */ = {isa = PBXBuildFile; fileRef = 544F242A29855E6E0033E920 /* NewsOverviewViewModel.swift */; };
		544F242D29855EA50033E920 /* NewsOverviewViewController.xib in Resources */ = {isa = PBXBuildFile; fileRef = 544F242C29855EA50033E920 /* NewsOverviewViewController.xib */; };
		544F242F298560880033E920 /* Observable.swift in Sources */ = {isa = PBXBuildFile; fileRef = 544F242E298560880033E920 /* Observable.swift */; };
		544F2431298568B90033E920 /* NewsOverviewFlowCoordinatorDependecies.swift in Sources */ = {isa = PBXBuildFile; fileRef = 544F2430298568B90033E920 /* NewsOverviewFlowCoordinatorDependecies.swift */; };
		544F24352985924D0033E920 /* NewOverviewTableViewCell.swift in Sources */ = {isa = PBXBuildFile; fileRef = 544F24332985924D0033E920 /* NewOverviewTableViewCell.swift */; };
		544F24362985924D0033E920 /* NewOverviewTableViewCell.xib in Resources */ = {isa = PBXBuildFile; fileRef = 544F24342985924D0033E920 /* NewOverviewTableViewCell.xib */; };
		544F243A298592F50033E920 /* UITableViewCell + Extensions.swift in Sources */ = {isa = PBXBuildFile; fileRef = 544F2439298592F50033E920 /* UITableViewCell + Extensions.swift */; };
		54C3312829847F0700CC7F16 /* BaseViewController.swift in Sources */ = {isa = PBXBuildFile; fileRef = 54C3312729847F0700CC7F16 /* BaseViewController.swift */; };
		54C3312B29847F5500CC7F16 /* Alertable.swift in Sources */ = {isa = PBXBuildFile; fileRef = 54C3312A29847F5500CC7F16 /* Alertable.swift */; };
		54C3312E2984809E00CC7F16 /* ScreenState.swift in Sources */ = {isa = PBXBuildFile; fileRef = 54C3312D2984809E00CC7F16 /* ScreenState.swift */; };
		54C331302984822800CC7F16 /* LoadingView.swift in Sources */ = {isa = PBXBuildFile; fileRef = 54C3312F2984822800CC7F16 /* LoadingView.swift */; };
		54C331352984895A00CC7F16 /* BaseNavigationController.swift in Sources */ = {isa = PBXBuildFile; fileRef = 54C331342984895A00CC7F16 /* BaseNavigationController.swift */; };
		54C33137298489A300CC7F16 /* AppDIContainer.swift in Sources */ = {isa = PBXBuildFile; fileRef = 54C33136298489A300CC7F16 /* AppDIContainer.swift */; };
		54C33139298489C900CC7F16 /* AppConfiguration.swift in Sources */ = {isa = PBXBuildFile; fileRef = 54C33138298489C900CC7F16 /* AppConfiguration.swift */; };
		54C3313D29848C7700CC7F16 /* DataTransferService.swift in Sources */ = {isa = PBXBuildFile; fileRef = 54C3313C29848C7700CC7F16 /* DataTransferService.swift */; };
		54C3314029848CFA00CC7F16 /* NetworkService.swift in Sources */ = {isa = PBXBuildFile; fileRef = 54C3313F29848CFA00CC7F16 /* NetworkService.swift */; };
		54C3314229848D4000CC7F16 /* ResponseDecoding.swift in Sources */ = {isa = PBXBuildFile; fileRef = 54C3314129848D4000CC7F16 /* ResponseDecoding.swift */; };
		54C3314429848D8600CC7F16 /* BodyEncoding.swift in Sources */ = {isa = PBXBuildFile; fileRef = 54C3314329848D8600CC7F16 /* BodyEncoding.swift */; };
		54C3314629848DA700CC7F16 /* HTTPMethodType.swift in Sources */ = {isa = PBXBuildFile; fileRef = 54C3314529848DA700CC7F16 /* HTTPMethodType.swift */; };
		54C3314829848DBB00CC7F16 /* NetworkConfig.swift in Sources */ = {isa = PBXBuildFile; fileRef = 54C3314729848DBB00CC7F16 /* NetworkConfig.swift */; };
		54C3314A29848DD800CC7F16 /* EndPoint.swift in Sources */ = {isa = PBXBuildFile; fileRef = 54C3314929848DD800CC7F16 /* EndPoint.swift */; };
		54C3314E29848E2E00CC7F16 /* Dictionary+Extensions.swift in Sources */ = {isa = PBXBuildFile; fileRef = 54C3314D29848E2E00CC7F16 /* Dictionary+Extensions.swift */; };
		54C3315029848E4500CC7F16 /* Encodable+Extensions.swift in Sources */ = {isa = PBXBuildFile; fileRef = 54C3314F29848E4500CC7F16 /* Encodable+Extensions.swift */; };
		54FFA6A129845AED0064E415 /* AppDelegate.swift in Sources */ = {isa = PBXBuildFile; fileRef = 54FFA6A029845AED0064E415 /* AppDelegate.swift */; };
		54FFA6A329845AED0064E415 /* SceneDelegate.swift in Sources */ = {isa = PBXBuildFile; fileRef = 54FFA6A229845AED0064E415 /* SceneDelegate.swift */; };
		54FFA6AA29845AEE0064E415 /* Assets.xcassets in Resources */ = {isa = PBXBuildFile; fileRef = 54FFA6A929845AEE0064E415 /* Assets.xcassets */; };
		54FFA6AD29845AEE0064E415 /* LaunchScreen.storyboard in Resources */ = {isa = PBXBuildFile; fileRef = 54FFA6AB29845AEE0064E415 /* LaunchScreen.storyboard */; };
		54FFA6B829845AEE0064E415 /* SportNewsTests.swift in Sources */ = {isa = PBXBuildFile; fileRef = 54FFA6B729845AEE0064E415 /* SportNewsTests.swift */; };
		54FFA6C229845AEF0064E415 /* SportNewsUITests.swift in Sources */ = {isa = PBXBuildFile; fileRef = 54FFA6C129845AEF0064E415 /* SportNewsUITests.swift */; };
		54FFA6C429845AEF0064E415 /* SportNewsUITestsLaunchTests.swift in Sources */ = {isa = PBXBuildFile; fileRef = 54FFA6C329845AEF0064E415 /* SportNewsUITestsLaunchTests.swift */; };
		54FFA6D72984650D0064E415 /* swiftgen.yml in Resources */ = {isa = PBXBuildFile; fileRef = 54FFA6D62984650D0064E415 /* swiftgen.yml */; };
		54FFA6D9298465A70064E415 /* Images.xcassets in Resources */ = {isa = PBXBuildFile; fileRef = 54FFA6D8298465A70064E415 /* Images.xcassets */; };
		54FFA6DB298465B90064E415 /* Colors.xcassets in Resources */ = {isa = PBXBuildFile; fileRef = 54FFA6DA298465B90064E415 /* Colors.xcassets */; };
		54FFA6DE2984660D0064E415 /* Localizable.strings in Resources */ = {isa = PBXBuildFile; fileRef = 54FFA6E02984660D0064E415 /* Localizable.strings */; };
		54FFA6E42984664B0064E415 /* Strings.swift in Sources */ = {isa = PBXBuildFile; fileRef = 54FFA6E12984664B0064E415 /* Strings.swift */; };
		54FFA6E52984664B0064E415 /* Info.swift in Sources */ = {isa = PBXBuildFile; fileRef = 54FFA6E22984664B0064E415 /* Info.swift */; };
		54FFA6E62984664B0064E415 /* Assets.swift in Sources */ = {isa = PBXBuildFile; fileRef = 54FFA6E32984664B0064E415 /* Assets.swift */; };
		7381123E457FECD2DBA827CB /* Pods_SportNews_SportNewsUITests.framework in Frameworks */ = {isa = PBXBuildFile; fileRef = C66283F029F31F4B3642B19B /* Pods_SportNews_SportNewsUITests.framework */; };
		DB54B7577ECD9E22E75DA69A /* Pods_SportNewsTests.framework in Frameworks */ = {isa = PBXBuildFile; fileRef = 9475C81543D9716BC5C66410 /* Pods_SportNewsTests.framework */; };
/* End PBXBuildFile section */

/* Begin PBXContainerItemProxy section */
		54FFA6B429845AEE0064E415 /* PBXContainerItemProxy */ = {
			isa = PBXContainerItemProxy;
			containerPortal = 54FFA69529845AEC0064E415 /* Project object */;
			proxyType = 1;
			remoteGlobalIDString = 54FFA69C29845AEC0064E415;
			remoteInfo = SportNews;
		};
		54FFA6BE29845AEF0064E415 /* PBXContainerItemProxy */ = {
			isa = PBXContainerItemProxy;
			containerPortal = 54FFA69529845AEC0064E415 /* Project object */;
			proxyType = 1;
			remoteGlobalIDString = 54FFA69C29845AEC0064E415;
			remoteInfo = SportNews;
		};
/* End PBXContainerItemProxy section */

/* Begin PBXFileReference section */
		1EF35DE3BD06CC3968A254E8 /* Pods-SportNews-SportNewsUITests.debug.xcconfig */ = {isa = PBXFileReference; includeInIndex = 1; lastKnownFileType = text.xcconfig; name = "Pods-SportNews-SportNewsUITests.debug.xcconfig"; path = "Target Support Files/Pods-SportNews-SportNewsUITests/Pods-SportNews-SportNewsUITests.debug.xcconfig"; sourceTree = "<group>"; };
		3B9B65007BCA6E0DCA4A44C0 /* Pods-SportNewsTests.release.xcconfig */ = {isa = PBXFileReference; includeInIndex = 1; lastKnownFileType = text.xcconfig; name = "Pods-SportNewsTests.release.xcconfig"; path = "Target Support Files/Pods-SportNewsTests/Pods-SportNewsTests.release.xcconfig"; sourceTree = "<group>"; };
		542C33AF2986E25000F088FC /* NewsOverviewDetailsViewController.swift */ = {isa = PBXFileReference; lastKnownFileType = sourcecode.swift; path = NewsOverviewDetailsViewController.swift; sourceTree = "<group>"; };
		542C33B12986E26400F088FC /* NewsOverviewDetailsViewController.xib */ = {isa = PBXFileReference; lastKnownFileType = file.xib; path = NewsOverviewDetailsViewController.xib; sourceTree = "<group>"; };
		542C33B32986E2A500F088FC /* NewsOverviewDetailsViewModel.swift */ = {isa = PBXFileReference; lastKnownFileType = sourcecode.swift; path = NewsOverviewDetailsViewModel.swift; sourceTree = "<group>"; };
		544F23CE298531D40033E920 /* .swiftlint.yml */ = {isa = PBXFileReference; fileEncoding = 4; lastKnownFileType = text.yaml; path = .swiftlint.yml; sourceTree = SOURCE_ROOT; };
		544F23ED298548A50033E920 /* AppFlowCoordinator.swift */ = {isa = PBXFileReference; lastKnownFileType = sourcecode.swift; path = AppFlowCoordinator.swift; sourceTree = "<group>"; };
		544F23EF298548DB0033E920 /* Coordinator.swift */ = {isa = PBXFileReference; lastKnownFileType = sourcecode.swift; path = Coordinator.swift; sourceTree = "<group>"; };
		544F23F1298549250033E920 /* AppAppearance.swift */ = {isa = PBXFileReference; lastKnownFileType = sourcecode.swift; path = AppAppearance.swift; sourceTree = "<group>"; };
		544F23F42985497F0033E920 /* Cancellable.swift */ = {isa = PBXFileReference; lastKnownFileType = sourcecode.swift; path = Cancellable.swift; sourceTree = "<group>"; };
		544F23F6298549890033E920 /* ConnectionError.swift */ = {isa = PBXFileReference; lastKnownFileType = sourcecode.swift; path = ConnectionError.swift; sourceTree = "<group>"; };
		544F23FE29854A430033E920 /* RepositoryTask.swift */ = {isa = PBXFileReference; fileEncoding = 4; lastKnownFileType = sourcecode.swift; path = RepositoryTask.swift; sourceTree = "<group>"; };
		544F23FF29854A430033E920 /* Strings + Extensions.swift */ = {isa = PBXFileReference; fileEncoding = 4; lastKnownFileType = sourcecode.swift; path = "Strings + Extensions.swift"; sourceTree = "<group>"; };
		544F240029854A430033E920 /* Array + Extensions .swift */ = {isa = PBXFileReference; fileEncoding = 4; lastKnownFileType = sourcecode.swift; path = "Array + Extensions .swift"; sourceTree = "<group>"; };
		544F240729854CE00033E920 /* ApiEndPoints.swift */ = {isa = PBXFileReference; lastKnownFileType = sourcecode.swift; path = ApiEndPoints.swift; sourceTree = "<group>"; };
		544F240A29854E3D0033E920 /* NewsOverviewResponseDTO.swift */ = {isa = PBXFileReference; lastKnownFileType = sourcecode.swift; path = NewsOverviewResponseDTO.swift; sourceTree = "<group>"; };
		544F240C29854FF90033E920 /* NewsOverviewRepository.swift */ = {isa = PBXFileReference; lastKnownFileType = sourcecode.swift; path = NewsOverviewRepository.swift; sourceTree = "<group>"; };
		544F240E298550470033E920 /* DefaultNewsOverviewRepository.swift */ = {isa = PBXFileReference; lastKnownFileType = sourcecode.swift; path = DefaultNewsOverviewRepository.swift; sourceTree = "<group>"; };
		544F241C298553DC0033E920 /* Logger.swift */ = {isa = PBXFileReference; lastKnownFileType = sourcecode.swift; path = Logger.swift; sourceTree = "<group>"; };
		544F241E2985574F0033E920 /* NewsOverviewSceneDIContainer.swift */ = {isa = PBXFileReference; lastKnownFileType = sourcecode.swift; path = NewsOverviewSceneDIContainer.swift; sourceTree = "<group>"; };
		544F24232985580D0033E920 /* UseCase.swift */ = {isa = PBXFileReference; lastKnownFileType = sourcecode.swift; path = UseCase.swift; sourceTree = "<group>"; };
		544F2425298558900033E920 /* DefaultNewsOverviewUseCase.swift */ = {isa = PBXFileReference; lastKnownFileType = sourcecode.swift; path = DefaultNewsOverviewUseCase.swift; sourceTree = "<group>"; };
		544F242829855E420033E920 /* NewsOverviewViewController.swift */ = {isa = PBXFileReference; lastKnownFileType = sourcecode.swift; path = NewsOverviewViewController.swift; sourceTree = "<group>"; };
		544F242A29855E6E0033E920 /* NewsOverviewViewModel.swift */ = {isa = PBXFileReference; lastKnownFileType = sourcecode.swift; path = NewsOverviewViewModel.swift; sourceTree = "<group>"; };
		544F242C29855EA50033E920 /* NewsOverviewViewController.xib */ = {isa = PBXFileReference; lastKnownFileType = file.xib; path = NewsOverviewViewController.xib; sourceTree = "<group>"; };
		544F242E298560880033E920 /* Observable.swift */ = {isa = PBXFileReference; lastKnownFileType = sourcecode.swift; path = Observable.swift; sourceTree = "<group>"; };
		544F2430298568B90033E920 /* NewsOverviewFlowCoordinatorDependecies.swift */ = {isa = PBXFileReference; lastKnownFileType = sourcecode.swift; path = NewsOverviewFlowCoordinatorDependecies.swift; sourceTree = "<group>"; };
		544F24332985924D0033E920 /* NewOverviewTableViewCell.swift */ = {isa = PBXFileReference; lastKnownFileType = sourcecode.swift; path = NewOverviewTableViewCell.swift; sourceTree = "<group>"; };
		544F24342985924D0033E920 /* NewOverviewTableViewCell.xib */ = {isa = PBXFileReference; lastKnownFileType = file.xib; path = NewOverviewTableViewCell.xib; sourceTree = "<group>"; };
		544F2439298592F50033E920 /* UITableViewCell + Extensions.swift */ = {isa = PBXFileReference; lastKnownFileType = sourcecode.swift; path = "UITableViewCell + Extensions.swift"; sourceTree = "<group>"; };
		54AF32EAEA689095E097E9F9 /* Pods-SportNews.debug.xcconfig */ = {isa = PBXFileReference; includeInIndex = 1; lastKnownFileType = text.xcconfig; name = "Pods-SportNews.debug.xcconfig"; path = "Target Support Files/Pods-SportNews/Pods-SportNews.debug.xcconfig"; sourceTree = "<group>"; };
		54C3312729847F0700CC7F16 /* BaseViewController.swift */ = {isa = PBXFileReference; lastKnownFileType = sourcecode.swift; path = BaseViewController.swift; sourceTree = "<group>"; };
		54C3312A29847F5500CC7F16 /* Alertable.swift */ = {isa = PBXFileReference; lastKnownFileType = sourcecode.swift; path = Alertable.swift; sourceTree = "<group>"; };
		54C3312D2984809E00CC7F16 /* ScreenState.swift */ = {isa = PBXFileReference; lastKnownFileType = sourcecode.swift; path = ScreenState.swift; sourceTree = "<group>"; };
		54C3312F2984822800CC7F16 /* LoadingView.swift */ = {isa = PBXFileReference; lastKnownFileType = sourcecode.swift; path = LoadingView.swift; sourceTree = "<group>"; };
		54C331342984895A00CC7F16 /* BaseNavigationController.swift */ = {isa = PBXFileReference; lastKnownFileType = sourcecode.swift; path = BaseNavigationController.swift; sourceTree = "<group>"; };
		54C33136298489A300CC7F16 /* AppDIContainer.swift */ = {isa = PBXFileReference; lastKnownFileType = sourcecode.swift; path = AppDIContainer.swift; sourceTree = "<group>"; };
		54C33138298489C900CC7F16 /* AppConfiguration.swift */ = {isa = PBXFileReference; lastKnownFileType = sourcecode.swift; path = AppConfiguration.swift; sourceTree = "<group>"; };
		54C3313C29848C7700CC7F16 /* DataTransferService.swift */ = {isa = PBXFileReference; lastKnownFileType = sourcecode.swift; path = DataTransferService.swift; sourceTree = "<group>"; };
		54C3313F29848CFA00CC7F16 /* NetworkService.swift */ = {isa = PBXFileReference; lastKnownFileType = sourcecode.swift; path = NetworkService.swift; sourceTree = "<group>"; };
		54C3314129848D4000CC7F16 /* ResponseDecoding.swift */ = {isa = PBXFileReference; lastKnownFileType = sourcecode.swift; path = ResponseDecoding.swift; sourceTree = "<group>"; };
		54C3314329848D8600CC7F16 /* BodyEncoding.swift */ = {isa = PBXFileReference; lastKnownFileType = sourcecode.swift; path = BodyEncoding.swift; sourceTree = "<group>"; };
		54C3314529848DA700CC7F16 /* HTTPMethodType.swift */ = {isa = PBXFileReference; lastKnownFileType = sourcecode.swift; path = HTTPMethodType.swift; sourceTree = "<group>"; };
		54C3314729848DBB00CC7F16 /* NetworkConfig.swift */ = {isa = PBXFileReference; lastKnownFileType = sourcecode.swift; path = NetworkConfig.swift; sourceTree = "<group>"; };
		54C3314929848DD800CC7F16 /* EndPoint.swift */ = {isa = PBXFileReference; lastKnownFileType = sourcecode.swift; path = EndPoint.swift; sourceTree = "<group>"; };
		54C3314D29848E2E00CC7F16 /* Dictionary+Extensions.swift */ = {isa = PBXFileReference; lastKnownFileType = sourcecode.swift; path = "Dictionary+Extensions.swift"; sourceTree = "<group>"; };
		54C3314F29848E4500CC7F16 /* Encodable+Extensions.swift */ = {isa = PBXFileReference; lastKnownFileType = sourcecode.swift; path = "Encodable+Extensions.swift"; sourceTree = "<group>"; };
		54FFA69D29845AEC0064E415 /* SportNews.app */ = {isa = PBXFileReference; explicitFileType = wrapper.application; includeInIndex = 0; path = SportNews.app; sourceTree = BUILT_PRODUCTS_DIR; };
		54FFA6A029845AED0064E415 /* AppDelegate.swift */ = {isa = PBXFileReference; lastKnownFileType = sourcecode.swift; path = AppDelegate.swift; sourceTree = "<group>"; };
		54FFA6A229845AED0064E415 /* SceneDelegate.swift */ = {isa = PBXFileReference; lastKnownFileType = sourcecode.swift; path = SceneDelegate.swift; sourceTree = "<group>"; };
		54FFA6A929845AEE0064E415 /* Assets.xcassets */ = {isa = PBXFileReference; lastKnownFileType = folder.assetcatalog; path = Assets.xcassets; sourceTree = "<group>"; };
		54FFA6AC29845AEE0064E415 /* Base */ = {isa = PBXFileReference; lastKnownFileType = file.storyboard; name = Base; path = Base.lproj/LaunchScreen.storyboard; sourceTree = "<group>"; };
		54FFA6AE29845AEE0064E415 /* Info.plist */ = {isa = PBXFileReference; lastKnownFileType = text.plist.xml; path = Info.plist; sourceTree = "<group>"; };
		54FFA6B329845AEE0064E415 /* SportNewsTests.xctest */ = {isa = PBXFileReference; explicitFileType = wrapper.cfbundle; includeInIndex = 0; path = SportNewsTests.xctest; sourceTree = BUILT_PRODUCTS_DIR; };
		54FFA6B729845AEE0064E415 /* SportNewsTests.swift */ = {isa = PBXFileReference; lastKnownFileType = sourcecode.swift; path = SportNewsTests.swift; sourceTree = "<group>"; };
		54FFA6BD29845AEF0064E415 /* SportNewsUITests.xctest */ = {isa = PBXFileReference; explicitFileType = wrapper.cfbundle; includeInIndex = 0; path = SportNewsUITests.xctest; sourceTree = BUILT_PRODUCTS_DIR; };
		54FFA6C129845AEF0064E415 /* SportNewsUITests.swift */ = {isa = PBXFileReference; lastKnownFileType = sourcecode.swift; path = SportNewsUITests.swift; sourceTree = "<group>"; };
		54FFA6C329845AEF0064E415 /* SportNewsUITestsLaunchTests.swift */ = {isa = PBXFileReference; lastKnownFileType = sourcecode.swift; path = SportNewsUITestsLaunchTests.swift; sourceTree = "<group>"; };
		54FFA6D62984650D0064E415 /* swiftgen.yml */ = {isa = PBXFileReference; fileEncoding = 4; lastKnownFileType = text.yaml; path = swiftgen.yml; sourceTree = SOURCE_ROOT; };
		54FFA6D8298465A70064E415 /* Images.xcassets */ = {isa = PBXFileReference; lastKnownFileType = folder.assetcatalog; path = Images.xcassets; sourceTree = "<group>"; };
		54FFA6DA298465B90064E415 /* Colors.xcassets */ = {isa = PBXFileReference; lastKnownFileType = folder.assetcatalog; path = Colors.xcassets; sourceTree = "<group>"; };
		54FFA6DF2984660D0064E415 /* en */ = {isa = PBXFileReference; lastKnownFileType = text.plist.strings; name = en; path = en.lproj/Localizable.strings; sourceTree = "<group>"; };
		54FFA6E12984664B0064E415 /* Strings.swift */ = {isa = PBXFileReference; fileEncoding = 4; lastKnownFileType = sourcecode.swift; path = Strings.swift; sourceTree = "<group>"; };
		54FFA6E22984664B0064E415 /* Info.swift */ = {isa = PBXFileReference; fileEncoding = 4; lastKnownFileType = sourcecode.swift; path = Info.swift; sourceTree = "<group>"; };
		54FFA6E32984664B0064E415 /* Assets.swift */ = {isa = PBXFileReference; fileEncoding = 4; lastKnownFileType = sourcecode.swift; path = Assets.swift; sourceTree = "<group>"; };
		74FC1251F9E1ADE1B30D0EBE /* Pods-SportNews.release.xcconfig */ = {isa = PBXFileReference; includeInIndex = 1; lastKnownFileType = text.xcconfig; name = "Pods-SportNews.release.xcconfig"; path = "Target Support Files/Pods-SportNews/Pods-SportNews.release.xcconfig"; sourceTree = "<group>"; };
		9475C81543D9716BC5C66410 /* Pods_SportNewsTests.framework */ = {isa = PBXFileReference; explicitFileType = wrapper.framework; includeInIndex = 0; path = Pods_SportNewsTests.framework; sourceTree = BUILT_PRODUCTS_DIR; };
		C66283F029F31F4B3642B19B /* Pods_SportNews_SportNewsUITests.framework */ = {isa = PBXFileReference; explicitFileType = wrapper.framework; includeInIndex = 0; path = Pods_SportNews_SportNewsUITests.framework; sourceTree = BUILT_PRODUCTS_DIR; };
		CE913F1A632F5800B65F03F9 /* Pods-SportNews-SportNewsUITests.release.xcconfig */ = {isa = PBXFileReference; includeInIndex = 1; lastKnownFileType = text.xcconfig; name = "Pods-SportNews-SportNewsUITests.release.xcconfig"; path = "Target Support Files/Pods-SportNews-SportNewsUITests/Pods-SportNews-SportNewsUITests.release.xcconfig"; sourceTree = "<group>"; };
		E2A9803B248249D158F24F0D /* Pods-SportNewsTests.debug.xcconfig */ = {isa = PBXFileReference; includeInIndex = 1; lastKnownFileType = text.xcconfig; name = "Pods-SportNewsTests.debug.xcconfig"; path = "Target Support Files/Pods-SportNewsTests/Pods-SportNewsTests.debug.xcconfig"; sourceTree = "<group>"; };
		F32333B1A65578E793CCA19F /* Pods_SportNews.framework */ = {isa = PBXFileReference; explicitFileType = wrapper.framework; includeInIndex = 0; path = Pods_SportNews.framework; sourceTree = BUILT_PRODUCTS_DIR; };
/* End PBXFileReference section */

/* Begin PBXFrameworksBuildPhase section */
		54FFA69A29845AEC0064E415 /* Frameworks */ = {
			isa = PBXFrameworksBuildPhase;
			buildActionMask = 2147483647;
			files = (
				02EF0C94C24F808B94C15607 /* Pods_SportNews.framework in Frameworks */,
			);
			runOnlyForDeploymentPostprocessing = 0;
		};
		54FFA6B029845AEE0064E415 /* Frameworks */ = {
			isa = PBXFrameworksBuildPhase;
			buildActionMask = 2147483647;
			files = (
				DB54B7577ECD9E22E75DA69A /* Pods_SportNewsTests.framework in Frameworks */,
			);
			runOnlyForDeploymentPostprocessing = 0;
		};
		54FFA6BA29845AEF0064E415 /* Frameworks */ = {
			isa = PBXFrameworksBuildPhase;
			buildActionMask = 2147483647;
			files = (
				7381123E457FECD2DBA827CB /* Pods_SportNews_SportNewsUITests.framework in Frameworks */,
			);
			runOnlyForDeploymentPostprocessing = 0;
		};
/* End PBXFrameworksBuildPhase section */

/* Begin PBXGroup section */
		0B4E0DD77CAA3492DAD28F81 /* Pods */ = {
			isa = PBXGroup;
			children = (
				54AF32EAEA689095E097E9F9 /* Pods-SportNews.debug.xcconfig */,
				74FC1251F9E1ADE1B30D0EBE /* Pods-SportNews.release.xcconfig */,
				1EF35DE3BD06CC3968A254E8 /* Pods-SportNews-SportNewsUITests.debug.xcconfig */,
				CE913F1A632F5800B65F03F9 /* Pods-SportNews-SportNewsUITests.release.xcconfig */,
				E2A9803B248249D158F24F0D /* Pods-SportNewsTests.debug.xcconfig */,
				3B9B65007BCA6E0DCA4A44C0 /* Pods-SportNewsTests.release.xcconfig */,
			);
			path = Pods;
			sourceTree = "<group>";
		};
		542C33AE2986E22C00F088FC /* NewsOverviewDetails */ = {
			isa = PBXGroup;
			children = (
				542C33AF2986E25000F088FC /* NewsOverviewDetailsViewController.swift */,
				542C33B12986E26400F088FC /* NewsOverviewDetailsViewController.xib */,
				542C33B32986E2A500F088FC /* NewsOverviewDetailsViewModel.swift */,
			);
			path = NewsOverviewDetails;
			sourceTree = "<group>";
		};
		544F23F32985493B0033E920 /* Common */ = {
			isa = PBXGroup;
			children = (
				544F23F42985497F0033E920 /* Cancellable.swift */,
				544F23F6298549890033E920 /* ConnectionError.swift */,
			);
			path = Common;
			sourceTree = "<group>";
		};
		544F23F8298549BC0033E920 /* Domain */ = {
			isa = PBXGroup;
			children = (
				544F23FB29854A080033E920 /* Entities */,
				544F23FA298549FB0033E920 /* Interfaces */,
				544F23F9298549E40033E920 /* UseCases */,
			);
			path = Domain;
			sourceTree = "<group>";
		};
		544F23F9298549E40033E920 /* UseCases */ = {
			isa = PBXGroup;
			children = (
				544F2422298558010033E920 /* Protocol */,
				544F2425298558900033E920 /* DefaultNewsOverviewUseCase.swift */,
			);
			path = UseCases;
			sourceTree = "<group>";
		};
		544F23FA298549FB0033E920 /* Interfaces */ = {
			isa = PBXGroup;
			children = (
				544F240C29854FF90033E920 /* NewsOverviewRepository.swift */,
			);
			path = Interfaces;
			sourceTree = "<group>";
		};
		544F23FB29854A080033E920 /* Entities */ = {
			isa = PBXGroup;
			children = (
			);
			path = Entities;
			sourceTree = "<group>";
		};
		544F23FC29854A2B0033E920 /* Data */ = {
			isa = PBXGroup;
			children = (
				544F240529854C3D0033E920 /* Network */,
				544F240429854C370033E920 /* Repositories */,
				544F23FD29854A310033E920 /* Utils */,
			);
			path = Data;
			sourceTree = "<group>";
		};
		544F23FD29854A310033E920 /* Utils */ = {
			isa = PBXGroup;
			children = (
				544F240029854A430033E920 /* Array + Extensions .swift */,
				544F23FE29854A430033E920 /* RepositoryTask.swift */,
				544F23FF29854A430033E920 /* Strings + Extensions.swift */,
			);
			path = Utils;
			sourceTree = "<group>";
		};
		544F240429854C370033E920 /* Repositories */ = {
			isa = PBXGroup;
			children = (
				544F240E298550470033E920 /* DefaultNewsOverviewRepository.swift */,
			);
			path = Repositories;
			sourceTree = "<group>";
		};
		544F240529854C3D0033E920 /* Network */ = {
			isa = PBXGroup;
			children = (
				544F240929854E2C0033E920 /* DataMapping */,
				544F240729854CE00033E920 /* ApiEndPoints.swift */,
			);
			path = Network;
			sourceTree = "<group>";
		};
		544F240929854E2C0033E920 /* DataMapping */ = {
			isa = PBXGroup;
			children = (
				544F240A29854E3D0033E920 /* NewsOverviewResponseDTO.swift */,
			);
			path = DataMapping;
			sourceTree = "<group>";
		};
		544F241B298553D00033E920 /* Logger */ = {
			isa = PBXGroup;
			children = (
				544F241C298553DC0033E920 /* Logger.swift */,
			);
			path = Logger;
			sourceTree = "<group>";
		};
		544F2422298558010033E920 /* Protocol */ = {
			isa = PBXGroup;
			children = (
				544F24232985580D0033E920 /* UseCase.swift */,
			);
			path = Protocol;
			sourceTree = "<group>";
		};
		544F242729855E1D0033E920 /* NewsOverview */ = {
			isa = PBXGroup;
			children = (
				544F2432298591A70033E920 /* Cells */,
				544F242829855E420033E920 /* NewsOverviewViewController.swift */,
				544F242A29855E6E0033E920 /* NewsOverviewViewModel.swift */,
				544F242C29855EA50033E920 /* NewsOverviewViewController.xib */,
			);
			path = NewsOverview;
			sourceTree = "<group>";
		};
		544F2432298591A70033E920 /* Cells */ = {
			isa = PBXGroup;
			children = (
				544F24332985924D0033E920 /* NewOverviewTableViewCell.swift */,
				544F24342985924D0033E920 /* NewOverviewTableViewCell.xib */,
			);
			path = Cells;
			sourceTree = "<group>";
		};
		544F2437298592D40033E920 /* Views */ = {
			isa = PBXGroup;
			children = (
				544F2438298592E00033E920 /* Utils */,
			);
			path = Views;
			sourceTree = "<group>";
		};
		544F2438298592E00033E920 /* Utils */ = {
			isa = PBXGroup;
			children = (
				544F2439298592F50033E920 /* UITableViewCell + Extensions.swift */,
			);
			path = Utils;
			sourceTree = "<group>";
		};
		54C3312529847EE600CC7F16 /* Screens */ = {
			isa = PBXGroup;
			children = (
				542C33AE2986E22C00F088FC /* NewsOverviewDetails */,
				544F242729855E1D0033E920 /* NewsOverview */,
				54C3312C2984809500CC7F16 /* State */,
				54C3312929847F4A00CC7F16 /* Utils */,
				54C3312629847EF900CC7F16 /* Base */,
			);
			path = Screens;
			sourceTree = "<group>";
		};
		54C3312629847EF900CC7F16 /* Base */ = {
			isa = PBXGroup;
			children = (
				54C3312729847F0700CC7F16 /* BaseViewController.swift */,
				54C331342984895A00CC7F16 /* BaseNavigationController.swift */,
			);
			path = Base;
			sourceTree = "<group>";
		};
		54C3312929847F4A00CC7F16 /* Utils */ = {
			isa = PBXGroup;
			children = (
				54C3312A29847F5500CC7F16 /* Alertable.swift */,
				54C3312F2984822800CC7F16 /* LoadingView.swift */,
				544F242E298560880033E920 /* Observable.swift */,
			);
			path = Utils;
			sourceTree = "<group>";
		};
		54C3312C2984809500CC7F16 /* State */ = {
			isa = PBXGroup;
			children = (
				54C3312D2984809E00CC7F16 /* ScreenState.swift */,
			);
			path = State;
			sourceTree = "<group>";
		};
		54C33132298488F500CC7F16 /* Application */ = {
			isa = PBXGroup;
			children = (
				54C33133298488FF00CC7F16 /* DIContainer */,
				54C33138298489C900CC7F16 /* AppConfiguration.swift */,
				544F23F1298549250033E920 /* AppAppearance.swift */,
			);
			path = Application;
			sourceTree = "<group>";
		};
		54C33133298488FF00CC7F16 /* DIContainer */ = {
			isa = PBXGroup;
			children = (
				54C33136298489A300CC7F16 /* AppDIContainer.swift */,
				544F241E2985574F0033E920 /* NewsOverviewSceneDIContainer.swift */,
			);
			path = DIContainer;
			sourceTree = "<group>";
		};
		54C3313B29848C6700CC7F16 /* Network */ = {
			isa = PBXGroup;
			children = (
				54C3313C29848C7700CC7F16 /* DataTransferService.swift */,
				54C3313F29848CFA00CC7F16 /* NetworkService.swift */,
				54C3314129848D4000CC7F16 /* ResponseDecoding.swift */,
				54C3314329848D8600CC7F16 /* BodyEncoding.swift */,
				54C3314529848DA700CC7F16 /* HTTPMethodType.swift */,
				54C3314729848DBB00CC7F16 /* NetworkConfig.swift */,
				54C3314929848DD800CC7F16 /* EndPoint.swift */,
			);
			path = Network;
			sourceTree = "<group>";
		};
		54C3313E29848CB300CC7F16 /* Infastructure */ = {
			isa = PBXGroup;
			children = (
				54C3314B29848E1400CC7F16 /* Utils */,
				54C3313B29848C6700CC7F16 /* Network */,
			);
			path = Infastructure;
			sourceTree = "<group>";
		};
		54C3314B29848E1400CC7F16 /* Utils */ = {
			isa = PBXGroup;
			children = (
				54C3314C29848E1D00CC7F16 /* Extensions */,
			);
			path = Utils;
			sourceTree = "<group>";
		};
		54C3314C29848E1D00CC7F16 /* Extensions */ = {
			isa = PBXGroup;
			children = (
				54C3314D29848E2E00CC7F16 /* Dictionary+Extensions.swift */,
				54C3314F29848E4500CC7F16 /* Encodable+Extensions.swift */,
			);
			path = Extensions;
			sourceTree = "<group>";
		};
		54C331512984921600CC7F16 /* Coordinators */ = {
			isa = PBXGroup;
			children = (
				544F23ED298548A50033E920 /* AppFlowCoordinator.swift */,
				544F23EF298548DB0033E920 /* Coordinator.swift */,
				544F2430298568B90033E920 /* NewsOverviewFlowCoordinatorDependecies.swift */,
			);
			path = Coordinators;
			sourceTree = "<group>";
		};
		54FFA69429845AEC0064E415 = {
			isa = PBXGroup;
			children = (
				54FFA69F29845AEC0064E415 /* SportNews */,
				54FFA6B629845AEE0064E415 /* SportNewsTests */,
				54FFA6C029845AEF0064E415 /* SportNewsUITests */,
				54FFA69E29845AEC0064E415 /* Products */,
				0B4E0DD77CAA3492DAD28F81 /* Pods */,
				E1A62F0B6501EA5463E06691 /* Frameworks */,
			);
			sourceTree = "<group>";
		};
		54FFA69E29845AEC0064E415 /* Products */ = {
			isa = PBXGroup;
			children = (
				54FFA69D29845AEC0064E415 /* SportNews.app */,
				54FFA6B329845AEE0064E415 /* SportNewsTests.xctest */,
				54FFA6BD29845AEF0064E415 /* SportNewsUITests.xctest */,
			);
			name = Products;
			sourceTree = "<group>";
		};
		54FFA69F29845AEC0064E415 /* SportNews */ = {
			isa = PBXGroup;
			children = (
				544F2437298592D40033E920 /* Views */,
				544F23FC29854A2B0033E920 /* Data */,
				544F23F8298549BC0033E920 /* Domain */,
				544F23F32985493B0033E920 /* Common */,
				54C331512984921600CC7F16 /* Coordinators */,
				54C3313E29848CB300CC7F16 /* Infastructure */,
				54C33132298488F500CC7F16 /* Application */,
				54C3312529847EE600CC7F16 /* Screens */,
				54FFA6E8298468010064E415 /* Supporting */,
				54FFA6D2298463440064E415 /* Resources */,
				54FFA6D1298463210064E415 /* Generated */,
			);
			path = SportNews;
			sourceTree = "<group>";
		};
		54FFA6B629845AEE0064E415 /* SportNewsTests */ = {
			isa = PBXGroup;
			children = (
				54FFA6B729845AEE0064E415 /* SportNewsTests.swift */,
			);
			path = SportNewsTests;
			sourceTree = "<group>";
		};
		54FFA6C029845AEF0064E415 /* SportNewsUITests */ = {
			isa = PBXGroup;
			children = (
				54FFA6C129845AEF0064E415 /* SportNewsUITests.swift */,
				54FFA6C329845AEF0064E415 /* SportNewsUITestsLaunchTests.swift */,
			);
			path = SportNewsUITests;
			sourceTree = "<group>";
		};
		54FFA6D1298463210064E415 /* Generated */ = {
			isa = PBXGroup;
			children = (
				54FFA6E32984664B0064E415 /* Assets.swift */,
				54FFA6E22984664B0064E415 /* Info.swift */,
				54FFA6E12984664B0064E415 /* Strings.swift */,
			);
			path = Generated;
			sourceTree = "<group>";
		};
		54FFA6D2298463440064E415 /* Resources */ = {
			isa = PBXGroup;
			children = (
				54FFA6AB29845AEE0064E415 /* LaunchScreen.storyboard */,
				544F23CE298531D40033E920 /* .swiftlint.yml */,
				54FFA6A929845AEE0064E415 /* Assets.xcassets */,
				54FFA6D62984650D0064E415 /* swiftgen.yml */,
				54FFA6AE29845AEE0064E415 /* Info.plist */,
				54FFA6D8298465A70064E415 /* Images.xcassets */,
				54FFA6DA298465B90064E415 /* Colors.xcassets */,
				54FFA6E02984660D0064E415 /* Localizable.strings */,
			);
			path = Resources;
			sourceTree = "<group>";
		};
		54FFA6E8298468010064E415 /* Supporting */ = {
			isa = PBXGroup;
			children = (
				544F241B298553D00033E920 /* Logger */,
				54FFA6A029845AED0064E415 /* AppDelegate.swift */,
				54FFA6A229845AED0064E415 /* SceneDelegate.swift */,
			);
			path = Supporting;
			sourceTree = "<group>";
		};
		E1A62F0B6501EA5463E06691 /* Frameworks */ = {
			isa = PBXGroup;
			children = (
				F32333B1A65578E793CCA19F /* Pods_SportNews.framework */,
				C66283F029F31F4B3642B19B /* Pods_SportNews_SportNewsUITests.framework */,
				9475C81543D9716BC5C66410 /* Pods_SportNewsTests.framework */,
			);
			name = Frameworks;
			sourceTree = "<group>";
		};
/* End PBXGroup section */

/* Begin PBXNativeTarget section */
		54FFA69C29845AEC0064E415 /* SportNews */ = {
			isa = PBXNativeTarget;
			buildConfigurationList = 54FFA6C729845AEF0064E415 /* Build configuration list for PBXNativeTarget "SportNews" */;
			buildPhases = (
				6D9FB79918BA9B411A1BA5C6 /* [CP] Check Pods Manifest.lock */,
				54FFA69929845AEC0064E415 /* Sources */,
				54FFA69A29845AEC0064E415 /* Frameworks */,
				54FFA69B29845AEC0064E415 /* Resources */,
				54FFA6D0298462510064E415 /* SwiftGen */,
				54C331312984867500CC7F16 /* SwiftLint */,
				507424AB0E79F984E29729EE /* [CP] Embed Pods Frameworks */,
			);
			buildRules = (
			);
			dependencies = (
			);
			name = SportNews;
			productName = SportNews;
			productReference = 54FFA69D29845AEC0064E415 /* SportNews.app */;
			productType = "com.apple.product-type.application";
		};
		54FFA6B229845AEE0064E415 /* SportNewsTests */ = {
			isa = PBXNativeTarget;
			buildConfigurationList = 54FFA6CA29845AEF0064E415 /* Build configuration list for PBXNativeTarget "SportNewsTests" */;
			buildPhases = (
				8AF4DCD469EA77B0197EE77E /* [CP] Check Pods Manifest.lock */,
				54FFA6AF29845AEE0064E415 /* Sources */,
				54FFA6B029845AEE0064E415 /* Frameworks */,
				54FFA6B129845AEE0064E415 /* Resources */,
			);
			buildRules = (
			);
			dependencies = (
				54FFA6B529845AEE0064E415 /* PBXTargetDependency */,
			);
			name = SportNewsTests;
			productName = SportNewsTests;
			productReference = 54FFA6B329845AEE0064E415 /* SportNewsTests.xctest */;
			productType = "com.apple.product-type.bundle.unit-test";
		};
		54FFA6BC29845AEF0064E415 /* SportNewsUITests */ = {
			isa = PBXNativeTarget;
			buildConfigurationList = 54FFA6CD29845AEF0064E415 /* Build configuration list for PBXNativeTarget "SportNewsUITests" */;
			buildPhases = (
				467401051222BB1DA69A15D5 /* [CP] Check Pods Manifest.lock */,
				54FFA6B929845AEF0064E415 /* Sources */,
				54FFA6BA29845AEF0064E415 /* Frameworks */,
				54FFA6BB29845AEF0064E415 /* Resources */,
				34BBE09217C9188AC2C9252C /* [CP] Embed Pods Frameworks */,
			);
			buildRules = (
			);
			dependencies = (
				54FFA6BF29845AEF0064E415 /* PBXTargetDependency */,
			);
			name = SportNewsUITests;
			productName = SportNewsUITests;
			productReference = 54FFA6BD29845AEF0064E415 /* SportNewsUITests.xctest */;
			productType = "com.apple.product-type.bundle.ui-testing";
		};
/* End PBXNativeTarget section */

/* Begin PBXProject section */
		54FFA69529845AEC0064E415 /* Project object */ = {
			isa = PBXProject;
			attributes = {
				BuildIndependentTargetsInParallel = 1;
				LastSwiftUpdateCheck = 1420;
				LastUpgradeCheck = 1420;
				TargetAttributes = {
					54FFA69C29845AEC0064E415 = {
						CreatedOnToolsVersion = 14.2;
					};
					54FFA6B229845AEE0064E415 = {
						CreatedOnToolsVersion = 14.2;
						TestTargetID = 54FFA69C29845AEC0064E415;
					};
					54FFA6BC29845AEF0064E415 = {
						CreatedOnToolsVersion = 14.2;
						TestTargetID = 54FFA69C29845AEC0064E415;
					};
				};
			};
			buildConfigurationList = 54FFA69829845AEC0064E415 /* Build configuration list for PBXProject "SportNews" */;
			compatibilityVersion = "Xcode 14.0";
			developmentRegion = en;
			hasScannedForEncodings = 0;
			knownRegions = (
				en,
				Base,
			);
			mainGroup = 54FFA69429845AEC0064E415;
			productRefGroup = 54FFA69E29845AEC0064E415 /* Products */;
			projectDirPath = "";
			projectRoot = "";
			targets = (
				54FFA69C29845AEC0064E415 /* SportNews */,
				54FFA6B229845AEE0064E415 /* SportNewsTests */,
				54FFA6BC29845AEF0064E415 /* SportNewsUITests */,
			);
		};
/* End PBXProject section */

/* Begin PBXResourcesBuildPhase section */
		54FFA69B29845AEC0064E415 /* Resources */ = {
			isa = PBXResourcesBuildPhase;
			buildActionMask = 2147483647;
			files = (
				544F242D29855EA50033E920 /* NewsOverviewViewController.xib in Resources */,
				544F23CF298531D40033E920 /* .swiftlint.yml in Resources */,
				54FFA6AD29845AEE0064E415 /* LaunchScreen.storyboard in Resources */,
				54FFA6D9298465A70064E415 /* Images.xcassets in Resources */,
				54FFA6D72984650D0064E415 /* swiftgen.yml in Resources */,
				544F24362985924D0033E920 /* NewOverviewTableViewCell.xib in Resources */,
				54FFA6DE2984660D0064E415 /* Localizable.strings in Resources */,
				54FFA6DB298465B90064E415 /* Colors.xcassets in Resources */,
				54FFA6AA29845AEE0064E415 /* Assets.xcassets in Resources */,
				542C33B22986E26400F088FC /* NewsOverviewDetailsViewController.xib in Resources */,
			);
			runOnlyForDeploymentPostprocessing = 0;
		};
		54FFA6B129845AEE0064E415 /* Resources */ = {
			isa = PBXResourcesBuildPhase;
			buildActionMask = 2147483647;
			files = (
			);
			runOnlyForDeploymentPostprocessing = 0;
		};
		54FFA6BB29845AEF0064E415 /* Resources */ = {
			isa = PBXResourcesBuildPhase;
			buildActionMask = 2147483647;
			files = (
			);
			runOnlyForDeploymentPostprocessing = 0;
		};
/* End PBXResourcesBuildPhase section */

/* Begin PBXShellScriptBuildPhase section */
		34BBE09217C9188AC2C9252C /* [CP] Embed Pods Frameworks */ = {
			isa = PBXShellScriptBuildPhase;
			buildActionMask = 2147483647;
			files = (
			);
			inputFileListPaths = (
				"${PODS_ROOT}/Target Support Files/Pods-SportNews-SportNewsUITests/Pods-SportNews-SportNewsUITests-frameworks-${CONFIGURATION}-input-files.xcfilelist",
			);
			name = "[CP] Embed Pods Frameworks";
			outputFileListPaths = (
				"${PODS_ROOT}/Target Support Files/Pods-SportNews-SportNewsUITests/Pods-SportNews-SportNewsUITests-frameworks-${CONFIGURATION}-output-files.xcfilelist",
			);
			runOnlyForDeploymentPostprocessing = 0;
			shellPath = /bin/sh;
			shellScript = "\"${PODS_ROOT}/Target Support Files/Pods-SportNews-SportNewsUITests/Pods-SportNews-SportNewsUITests-frameworks.sh\"\n";
			showEnvVarsInLog = 0;
		};
		467401051222BB1DA69A15D5 /* [CP] Check Pods Manifest.lock */ = {
			isa = PBXShellScriptBuildPhase;
			buildActionMask = 2147483647;
			files = (
			);
			inputFileListPaths = (
			);
			inputPaths = (
				"${PODS_PODFILE_DIR_PATH}/Podfile.lock",
				"${PODS_ROOT}/Manifest.lock",
			);
			name = "[CP] Check Pods Manifest.lock";
			outputFileListPaths = (
			);
			outputPaths = (
				"$(DERIVED_FILE_DIR)/Pods-SportNews-SportNewsUITests-checkManifestLockResult.txt",
			);
			runOnlyForDeploymentPostprocessing = 0;
			shellPath = /bin/sh;
			shellScript = "diff \"${PODS_PODFILE_DIR_PATH}/Podfile.lock\" \"${PODS_ROOT}/Manifest.lock\" > /dev/null\nif [ $? != 0 ] ; then\n    # print error to STDERR\n    echo \"error: The sandbox is not in sync with the Podfile.lock. Run 'pod install' or update your CocoaPods installation.\" >&2\n    exit 1\nfi\n# This output is used by Xcode 'outputs' to avoid re-running this script phase.\necho \"SUCCESS\" > \"${SCRIPT_OUTPUT_FILE_0}\"\n";
			showEnvVarsInLog = 0;
		};
		507424AB0E79F984E29729EE /* [CP] Embed Pods Frameworks */ = {
			isa = PBXShellScriptBuildPhase;
			buildActionMask = 2147483647;
			files = (
			);
			inputFileListPaths = (
				"${PODS_ROOT}/Target Support Files/Pods-SportNews/Pods-SportNews-frameworks-${CONFIGURATION}-input-files.xcfilelist",
			);
			name = "[CP] Embed Pods Frameworks";
			outputFileListPaths = (
				"${PODS_ROOT}/Target Support Files/Pods-SportNews/Pods-SportNews-frameworks-${CONFIGURATION}-output-files.xcfilelist",
			);
			runOnlyForDeploymentPostprocessing = 0;
			shellPath = /bin/sh;
			shellScript = "\"${PODS_ROOT}/Target Support Files/Pods-SportNews/Pods-SportNews-frameworks.sh\"\n";
			showEnvVarsInLog = 0;
		};
		54C331312984867500CC7F16 /* SwiftLint */ = {
			isa = PBXShellScriptBuildPhase;
			buildActionMask = 2147483647;
			files = (
			);
			inputFileListPaths = (
			);
			inputPaths = (
			);
			name = SwiftLint;
			outputFileListPaths = (
			);
			outputPaths = (
			);
			runOnlyForDeploymentPostprocessing = 0;
			shellPath = /bin/sh;
			shellScript = "# Type a script or drag a script file from your workspace to insert its path.\n\"${PODS_ROOT}/SwiftLint/swiftlint\"\n";
		};
		54FFA6D0298462510064E415 /* SwiftGen */ = {
			isa = PBXShellScriptBuildPhase;
			buildActionMask = 2147483647;
			files = (
			);
			inputFileListPaths = (
			);
			inputPaths = (
			);
			name = SwiftGen;
			outputFileListPaths = (
			);
			outputPaths = (
			);
			runOnlyForDeploymentPostprocessing = 0;
			shellPath = /bin/sh;
			shellScript = "# Type a script or drag a script file from your workspace to insert its path.\n\"$PROJECT_DIR\"/swiftgen/bin/swiftgen config lint\n\"$PROJECT_DIR\"/swiftgen/bin/swiftgen config run\n";
		};
		6D9FB79918BA9B411A1BA5C6 /* [CP] Check Pods Manifest.lock */ = {
			isa = PBXShellScriptBuildPhase;
			buildActionMask = 2147483647;
			files = (
			);
			inputFileListPaths = (
			);
			inputPaths = (
				"${PODS_PODFILE_DIR_PATH}/Podfile.lock",
				"${PODS_ROOT}/Manifest.lock",
			);
			name = "[CP] Check Pods Manifest.lock";
			outputFileListPaths = (
			);
			outputPaths = (
				"$(DERIVED_FILE_DIR)/Pods-SportNews-checkManifestLockResult.txt",
			);
			runOnlyForDeploymentPostprocessing = 0;
			shellPath = /bin/sh;
			shellScript = "diff \"${PODS_PODFILE_DIR_PATH}/Podfile.lock\" \"${PODS_ROOT}/Manifest.lock\" > /dev/null\nif [ $? != 0 ] ; then\n    # print error to STDERR\n    echo \"error: The sandbox is not in sync with the Podfile.lock. Run 'pod install' or update your CocoaPods installation.\" >&2\n    exit 1\nfi\n# This output is used by Xcode 'outputs' to avoid re-running this script phase.\necho \"SUCCESS\" > \"${SCRIPT_OUTPUT_FILE_0}\"\n";
			showEnvVarsInLog = 0;
		};
		8AF4DCD469EA77B0197EE77E /* [CP] Check Pods Manifest.lock */ = {
			isa = PBXShellScriptBuildPhase;
			buildActionMask = 2147483647;
			files = (
			);
			inputFileListPaths = (
			);
			inputPaths = (
				"${PODS_PODFILE_DIR_PATH}/Podfile.lock",
				"${PODS_ROOT}/Manifest.lock",
			);
			name = "[CP] Check Pods Manifest.lock";
			outputFileListPaths = (
			);
			outputPaths = (
				"$(DERIVED_FILE_DIR)/Pods-SportNewsTests-checkManifestLockResult.txt",
			);
			runOnlyForDeploymentPostprocessing = 0;
			shellPath = /bin/sh;
			shellScript = "diff \"${PODS_PODFILE_DIR_PATH}/Podfile.lock\" \"${PODS_ROOT}/Manifest.lock\" > /dev/null\nif [ $? != 0 ] ; then\n    # print error to STDERR\n    echo \"error: The sandbox is not in sync with the Podfile.lock. Run 'pod install' or update your CocoaPods installation.\" >&2\n    exit 1\nfi\n# This output is used by Xcode 'outputs' to avoid re-running this script phase.\necho \"SUCCESS\" > \"${SCRIPT_OUTPUT_FILE_0}\"\n";
			showEnvVarsInLog = 0;
		};
/* End PBXShellScriptBuildPhase section */

/* Begin PBXSourcesBuildPhase section */
		54FFA69929845AEC0064E415 /* Sources */ = {
			isa = PBXSourcesBuildPhase;
			buildActionMask = 2147483647;
			files = (
				544F240D29854FF90033E920 /* NewsOverviewRepository.swift in Sources */,
				54C3313D29848C7700CC7F16 /* DataTransferService.swift in Sources */,
				544F240F298550470033E920 /* DefaultNewsOverviewRepository.swift in Sources */,
				544F240B29854E3D0033E920 /* NewsOverviewResponseDTO.swift in Sources */,
				54C3314A29848DD800CC7F16 /* EndPoint.swift in Sources */,
				54FFA6A129845AED0064E415 /* AppDelegate.swift in Sources */,
				54FFA6E62984664B0064E415 /* Assets.swift in Sources */,
				54C33139298489C900CC7F16 /* AppConfiguration.swift in Sources */,
				544F243A298592F50033E920 /* UITableViewCell + Extensions.swift in Sources */,
				54C3314429848D8600CC7F16 /* BodyEncoding.swift in Sources */,
				54C331302984822800CC7F16 /* LoadingView.swift in Sources */,
				544F23F0298548DB0033E920 /* Coordinator.swift in Sources */,
				544F242B29855E6E0033E920 /* NewsOverviewViewModel.swift in Sources */,
				544F23F7298549890033E920 /* ConnectionError.swift in Sources */,
				54FFA6E42984664B0064E415 /* Strings.swift in Sources */,
				544F240229854A430033E920 /* Strings + Extensions.swift in Sources */,
				544F2431298568B90033E920 /* NewsOverviewFlowCoordinatorDependecies.swift in Sources */,
				54FFA6E52984664B0064E415 /* Info.swift in Sources */,
				544F241F2985574F0033E920 /* NewsOverviewSceneDIContainer.swift in Sources */,
				544F242929855E420033E920 /* NewsOverviewViewController.swift in Sources */,
				54C3312829847F0700CC7F16 /* BaseViewController.swift in Sources */,
				544F24242985580D0033E920 /* UseCase.swift in Sources */,
				544F240829854CE00033E920 /* ApiEndPoints.swift in Sources */,
				544F241D298553DC0033E920 /* Logger.swift in Sources */,
				54C331352984895A00CC7F16 /* BaseNavigationController.swift in Sources */,
				54C3314029848CFA00CC7F16 /* NetworkService.swift in Sources */,
				544F2426298558900033E920 /* DefaultNewsOverviewUseCase.swift in Sources */,
				542C33B02986E25000F088FC /* NewsOverviewDetailsViewController.swift in Sources */,
				544F23F52985497F0033E920 /* Cancellable.swift in Sources */,
				544F242F298560880033E920 /* Observable.swift in Sources */,
				542C33B42986E2A500F088FC /* NewsOverviewDetailsViewModel.swift in Sources */,
				544F23EE298548A50033E920 /* AppFlowCoordinator.swift in Sources */,
				54C3314629848DA700CC7F16 /* HTTPMethodType.swift in Sources */,
				54C3314829848DBB00CC7F16 /* NetworkConfig.swift in Sources */,
				544F240329854A430033E920 /* Array + Extensions .swift in Sources */,
				54C33137298489A300CC7F16 /* AppDIContainer.swift in Sources */,
				54C3312B29847F5500CC7F16 /* Alertable.swift in Sources */,
				544F23F2298549250033E920 /* AppAppearance.swift in Sources */,
				544F240129854A430033E920 /* RepositoryTask.swift in Sources */,
				54C3315029848E4500CC7F16 /* Encodable+Extensions.swift in Sources */,
				54C3314E29848E2E00CC7F16 /* Dictionary+Extensions.swift in Sources */,
				54C3314229848D4000CC7F16 /* ResponseDecoding.swift in Sources */,
				544F24352985924D0033E920 /* NewOverviewTableViewCell.swift in Sources */,
				54C3312E2984809E00CC7F16 /* ScreenState.swift in Sources */,
				54FFA6A329845AED0064E415 /* SceneDelegate.swift in Sources */,
			);
			runOnlyForDeploymentPostprocessing = 0;
		};
		54FFA6AF29845AEE0064E415 /* Sources */ = {
			isa = PBXSourcesBuildPhase;
			buildActionMask = 2147483647;
			files = (
				54FFA6B829845AEE0064E415 /* SportNewsTests.swift in Sources */,
			);
			runOnlyForDeploymentPostprocessing = 0;
		};
		54FFA6B929845AEF0064E415 /* Sources */ = {
			isa = PBXSourcesBuildPhase;
			buildActionMask = 2147483647;
			files = (
				54FFA6C429845AEF0064E415 /* SportNewsUITestsLaunchTests.swift in Sources */,
				54FFA6C229845AEF0064E415 /* SportNewsUITests.swift in Sources */,
			);
			runOnlyForDeploymentPostprocessing = 0;
		};
/* End PBXSourcesBuildPhase section */

/* Begin PBXTargetDependency section */
		54FFA6B529845AEE0064E415 /* PBXTargetDependency */ = {
			isa = PBXTargetDependency;
			target = 54FFA69C29845AEC0064E415 /* SportNews */;
			targetProxy = 54FFA6B429845AEE0064E415 /* PBXContainerItemProxy */;
		};
		54FFA6BF29845AEF0064E415 /* PBXTargetDependency */ = {
			isa = PBXTargetDependency;
			target = 54FFA69C29845AEC0064E415 /* SportNews */;
			targetProxy = 54FFA6BE29845AEF0064E415 /* PBXContainerItemProxy */;
		};
/* End PBXTargetDependency section */

/* Begin PBXVariantGroup section */
		54FFA6AB29845AEE0064E415 /* LaunchScreen.storyboard */ = {
			isa = PBXVariantGroup;
			children = (
				54FFA6AC29845AEE0064E415 /* Base */,
			);
			name = LaunchScreen.storyboard;
			sourceTree = "<group>";
		};
		54FFA6E02984660D0064E415 /* Localizable.strings */ = {
			isa = PBXVariantGroup;
			children = (
				54FFA6DF2984660D0064E415 /* en */,
			);
			name = Localizable.strings;
			sourceTree = "<group>";
		};
/* End PBXVariantGroup section */

/* Begin XCBuildConfiguration section */
		54FFA6C529845AEF0064E415 /* Debug */ = {
			isa = XCBuildConfiguration;
			buildSettings = {
				ALWAYS_SEARCH_USER_PATHS = NO;
				CLANG_ANALYZER_NONNULL = YES;
				CLANG_ANALYZER_NUMBER_OBJECT_CONVERSION = YES_AGGRESSIVE;
				CLANG_CXX_LANGUAGE_STANDARD = "gnu++20";
				CLANG_ENABLE_MODULES = YES;
				CLANG_ENABLE_OBJC_ARC = YES;
				CLANG_ENABLE_OBJC_WEAK = YES;
				CLANG_WARN_BLOCK_CAPTURE_AUTORELEASING = YES;
				CLANG_WARN_BOOL_CONVERSION = YES;
				CLANG_WARN_COMMA = YES;
				CLANG_WARN_CONSTANT_CONVERSION = YES;
				CLANG_WARN_DEPRECATED_OBJC_IMPLEMENTATIONS = YES;
				CLANG_WARN_DIRECT_OBJC_ISA_USAGE = YES_ERROR;
				CLANG_WARN_DOCUMENTATION_COMMENTS = YES;
				CLANG_WARN_EMPTY_BODY = YES;
				CLANG_WARN_ENUM_CONVERSION = YES;
				CLANG_WARN_INFINITE_RECURSION = YES;
				CLANG_WARN_INT_CONVERSION = YES;
				CLANG_WARN_NON_LITERAL_NULL_CONVERSION = YES;
				CLANG_WARN_OBJC_IMPLICIT_RETAIN_SELF = YES;
				CLANG_WARN_OBJC_LITERAL_CONVERSION = YES;
				CLANG_WARN_OBJC_ROOT_CLASS = YES_ERROR;
				CLANG_WARN_QUOTED_INCLUDE_IN_FRAMEWORK_HEADER = YES;
				CLANG_WARN_RANGE_LOOP_ANALYSIS = YES;
				CLANG_WARN_STRICT_PROTOTYPES = YES;
				CLANG_WARN_SUSPICIOUS_MOVE = YES;
				CLANG_WARN_UNGUARDED_AVAILABILITY = YES_AGGRESSIVE;
				CLANG_WARN_UNREACHABLE_CODE = YES;
				CLANG_WARN__DUPLICATE_METHOD_MATCH = YES;
				COPY_PHASE_STRIP = NO;
				DEBUG_INFORMATION_FORMAT = dwarf;
				ENABLE_STRICT_OBJC_MSGSEND = YES;
				ENABLE_TESTABILITY = YES;
				GCC_C_LANGUAGE_STANDARD = gnu11;
				GCC_DYNAMIC_NO_PIC = NO;
				GCC_NO_COMMON_BLOCKS = YES;
				GCC_OPTIMIZATION_LEVEL = 0;
				GCC_PREPROCESSOR_DEFINITIONS = (
					"DEBUG=1",
					"$(inherited)",
				);
				GCC_WARN_64_TO_32_BIT_CONVERSION = YES;
				GCC_WARN_ABOUT_RETURN_TYPE = YES_ERROR;
				GCC_WARN_UNDECLARED_SELECTOR = YES;
				GCC_WARN_UNINITIALIZED_AUTOS = YES_AGGRESSIVE;
				GCC_WARN_UNUSED_FUNCTION = YES;
				GCC_WARN_UNUSED_VARIABLE = YES;
				IPHONEOS_DEPLOYMENT_TARGET = 14.0;
				MTL_ENABLE_DEBUG_INFO = INCLUDE_SOURCE;
				MTL_FAST_MATH = YES;
				ONLY_ACTIVE_ARCH = YES;
				SDKROOT = iphoneos;
				SWIFT_ACTIVE_COMPILATION_CONDITIONS = DEBUG;
				SWIFT_OPTIMIZATION_LEVEL = "-Onone";
			};
			name = Debug;
		};
		54FFA6C629845AEF0064E415 /* Release */ = {
			isa = XCBuildConfiguration;
			buildSettings = {
				ALWAYS_SEARCH_USER_PATHS = NO;
				CLANG_ANALYZER_NONNULL = YES;
				CLANG_ANALYZER_NUMBER_OBJECT_CONVERSION = YES_AGGRESSIVE;
				CLANG_CXX_LANGUAGE_STANDARD = "gnu++20";
				CLANG_ENABLE_MODULES = YES;
				CLANG_ENABLE_OBJC_ARC = YES;
				CLANG_ENABLE_OBJC_WEAK = YES;
				CLANG_WARN_BLOCK_CAPTURE_AUTORELEASING = YES;
				CLANG_WARN_BOOL_CONVERSION = YES;
				CLANG_WARN_COMMA = YES;
				CLANG_WARN_CONSTANT_CONVERSION = YES;
				CLANG_WARN_DEPRECATED_OBJC_IMPLEMENTATIONS = YES;
				CLANG_WARN_DIRECT_OBJC_ISA_USAGE = YES_ERROR;
				CLANG_WARN_DOCUMENTATION_COMMENTS = YES;
				CLANG_WARN_EMPTY_BODY = YES;
				CLANG_WARN_ENUM_CONVERSION = YES;
				CLANG_WARN_INFINITE_RECURSION = YES;
				CLANG_WARN_INT_CONVERSION = YES;
				CLANG_WARN_NON_LITERAL_NULL_CONVERSION = YES;
				CLANG_WARN_OBJC_IMPLICIT_RETAIN_SELF = YES;
				CLANG_WARN_OBJC_LITERAL_CONVERSION = YES;
				CLANG_WARN_OBJC_ROOT_CLASS = YES_ERROR;
				CLANG_WARN_QUOTED_INCLUDE_IN_FRAMEWORK_HEADER = YES;
				CLANG_WARN_RANGE_LOOP_ANALYSIS = YES;
				CLANG_WARN_STRICT_PROTOTYPES = YES;
				CLANG_WARN_SUSPICIOUS_MOVE = YES;
				CLANG_WARN_UNGUARDED_AVAILABILITY = YES_AGGRESSIVE;
				CLANG_WARN_UNREACHABLE_CODE = YES;
				CLANG_WARN__DUPLICATE_METHOD_MATCH = YES;
				COPY_PHASE_STRIP = NO;
				DEBUG_INFORMATION_FORMAT = "dwarf-with-dsym";
				ENABLE_NS_ASSERTIONS = NO;
				ENABLE_STRICT_OBJC_MSGSEND = YES;
				GCC_C_LANGUAGE_STANDARD = gnu11;
				GCC_NO_COMMON_BLOCKS = YES;
				GCC_WARN_64_TO_32_BIT_CONVERSION = YES;
				GCC_WARN_ABOUT_RETURN_TYPE = YES_ERROR;
				GCC_WARN_UNDECLARED_SELECTOR = YES;
				GCC_WARN_UNINITIALIZED_AUTOS = YES_AGGRESSIVE;
				GCC_WARN_UNUSED_FUNCTION = YES;
				GCC_WARN_UNUSED_VARIABLE = YES;
				IPHONEOS_DEPLOYMENT_TARGET = 14.0;
				MTL_ENABLE_DEBUG_INFO = NO;
				MTL_FAST_MATH = YES;
				SDKROOT = iphoneos;
				SWIFT_COMPILATION_MODE = wholemodule;
				SWIFT_OPTIMIZATION_LEVEL = "-O";
				VALIDATE_PRODUCT = YES;
			};
			name = Release;
		};
		54FFA6C829845AEF0064E415 /* Debug */ = {
			isa = XCBuildConfiguration;
			baseConfigurationReference = 54AF32EAEA689095E097E9F9 /* Pods-SportNews.debug.xcconfig */;
			buildSettings = {
				ASSETCATALOG_COMPILER_APPICON_NAME = AppIcon;
				ASSETCATALOG_COMPILER_GLOBAL_ACCENT_COLOR_NAME = AccentColor;
				CODE_SIGN_STYLE = Automatic;
				CURRENT_PROJECT_VERSION = 1;
				DEVELOPMENT_TEAM = QK348HV74W;
				GENERATE_INFOPLIST_FILE = YES;
				INFOPLIST_FILE = SportNews/Resources/Info.plist;
				INFOPLIST_KEY_UIApplicationSupportsIndirectInputEvents = YES;
				INFOPLIST_KEY_UILaunchStoryboardName = LaunchScreen.storyboard;
				INFOPLIST_KEY_UIStatusBarStyle = UIStatusBarStyleDarkContent;
				INFOPLIST_KEY_UISupportedInterfaceOrientations = UIInterfaceOrientationPortrait;
				IPHONEOS_DEPLOYMENT_TARGET = 14.0;
				LD_RUNPATH_SEARCH_PATHS = (
					"$(inherited)",
					"@executable_path/Frameworks",
				);
				MARKETING_VERSION = 1.0;
				PRODUCT_BUNDLE_IDENTIFIER = com.serhankhan.SportNews;
				PRODUCT_NAME = "$(TARGET_NAME)";
				SWIFT_EMIT_LOC_STRINGS = YES;
				SWIFT_VERSION = 5.0;
				TARGETED_DEVICE_FAMILY = "1,2";
			};
			name = Debug;
		};
		54FFA6C929845AEF0064E415 /* Release */ = {
			isa = XCBuildConfiguration;
			baseConfigurationReference = 74FC1251F9E1ADE1B30D0EBE /* Pods-SportNews.release.xcconfig */;
			buildSettings = {
				ASSETCATALOG_COMPILER_APPICON_NAME = AppIcon;
				ASSETCATALOG_COMPILER_GLOBAL_ACCENT_COLOR_NAME = AccentColor;
				CODE_SIGN_STYLE = Automatic;
				CURRENT_PROJECT_VERSION = 1;
				DEVELOPMENT_TEAM = QK348HV74W;
				GENERATE_INFOPLIST_FILE = YES;
				INFOPLIST_FILE = SportNews/Resources/Info.plist;
				INFOPLIST_KEY_UIApplicationSupportsIndirectInputEvents = YES;
				INFOPLIST_KEY_UILaunchStoryboardName = LaunchScreen.storyboard;
				INFOPLIST_KEY_UIStatusBarStyle = UIStatusBarStyleDarkContent;
				INFOPLIST_KEY_UISupportedInterfaceOrientations = UIInterfaceOrientationPortrait;
				IPHONEOS_DEPLOYMENT_TARGET = 14.0;
				LD_RUNPATH_SEARCH_PATHS = (
					"$(inherited)",
					"@executable_path/Frameworks",
				);
				MARKETING_VERSION = 1.0;
				PRODUCT_BUNDLE_IDENTIFIER = com.serhankhan.SportNews;
				PRODUCT_NAME = "$(TARGET_NAME)";
				SWIFT_EMIT_LOC_STRINGS = YES;
				SWIFT_VERSION = 5.0;
				TARGETED_DEVICE_FAMILY = "1,2";
			};
			name = Release;
		};
		54FFA6CB29845AEF0064E415 /* Debug */ = {
			isa = XCBuildConfiguration;
			baseConfigurationReference = E2A9803B248249D158F24F0D /* Pods-SportNewsTests.debug.xcconfig */;
			buildSettings = {
				ALWAYS_EMBED_SWIFT_STANDARD_LIBRARIES = YES;
				BUNDLE_LOADER = "$(TEST_HOST)";
				CODE_SIGN_STYLE = Automatic;
				CURRENT_PROJECT_VERSION = 1;
				DEVELOPMENT_TEAM = QK348HV74W;
				GENERATE_INFOPLIST_FILE = YES;
				IPHONEOS_DEPLOYMENT_TARGET = 16.2;
				MARKETING_VERSION = 1.0;
				PRODUCT_BUNDLE_IDENTIFIER = com.serhankhan.SportNewsTests;
				PRODUCT_NAME = "$(TARGET_NAME)";
				SWIFT_EMIT_LOC_STRINGS = NO;
				SWIFT_VERSION = 5.0;
				TARGETED_DEVICE_FAMILY = "1,2";
				TEST_HOST = "$(BUILT_PRODUCTS_DIR)/SportNews.app/$(BUNDLE_EXECUTABLE_FOLDER_PATH)/SportNews";
			};
			name = Debug;
		};
		54FFA6CC29845AEF0064E415 /* Release */ = {
			isa = XCBuildConfiguration;
			baseConfigurationReference = 3B9B65007BCA6E0DCA4A44C0 /* Pods-SportNewsTests.release.xcconfig */;
			buildSettings = {
				ALWAYS_EMBED_SWIFT_STANDARD_LIBRARIES = YES;
				BUNDLE_LOADER = "$(TEST_HOST)";
				CODE_SIGN_STYLE = Automatic;
				CURRENT_PROJECT_VERSION = 1;
				DEVELOPMENT_TEAM = QK348HV74W;
				GENERATE_INFOPLIST_FILE = YES;
				IPHONEOS_DEPLOYMENT_TARGET = 16.2;
				MARKETING_VERSION = 1.0;
				PRODUCT_BUNDLE_IDENTIFIER = com.serhankhan.SportNewsTests;
				PRODUCT_NAME = "$(TARGET_NAME)";
				SWIFT_EMIT_LOC_STRINGS = NO;
				SWIFT_VERSION = 5.0;
				TARGETED_DEVICE_FAMILY = "1,2";
				TEST_HOST = "$(BUILT_PRODUCTS_DIR)/SportNews.app/$(BUNDLE_EXECUTABLE_FOLDER_PATH)/SportNews";
			};
			name = Release;
		};
		54FFA6CE29845AEF0064E415 /* Debug */ = {
			isa = XCBuildConfiguration;
			baseConfigurationReference = 1EF35DE3BD06CC3968A254E8 /* Pods-SportNews-SportNewsUITests.debug.xcconfig */;
			buildSettings = {
				ALWAYS_EMBED_SWIFT_STANDARD_LIBRARIES = YES;
				CODE_SIGN_STYLE = Automatic;
				CURRENT_PROJECT_VERSION = 1;
				DEVELOPMENT_TEAM = QK348HV74W;
				GENERATE_INFOPLIST_FILE = YES;
				MARKETING_VERSION = 1.0;
				PRODUCT_BUNDLE_IDENTIFIER = com.serhankhan.SportNewsUITests;
				PRODUCT_NAME = "$(TARGET_NAME)";
				SWIFT_EMIT_LOC_STRINGS = NO;
				SWIFT_VERSION = 5.0;
				TARGETED_DEVICE_FAMILY = "1,2";
				TEST_TARGET_NAME = SportNews;
			};
			name = Debug;
		};
		54FFA6CF29845AEF0064E415 /* Release */ = {
			isa = XCBuildConfiguration;
			baseConfigurationReference = CE913F1A632F5800B65F03F9 /* Pods-SportNews-SportNewsUITests.release.xcconfig */;
			buildSettings = {
				ALWAYS_EMBED_SWIFT_STANDARD_LIBRARIES = YES;
				CODE_SIGN_STYLE = Automatic;
				CURRENT_PROJECT_VERSION = 1;
				DEVELOPMENT_TEAM = QK348HV74W;
				GENERATE_INFOPLIST_FILE = YES;
				MARKETING_VERSION = 1.0;
				PRODUCT_BUNDLE_IDENTIFIER = com.serhankhan.SportNewsUITests;
				PRODUCT_NAME = "$(TARGET_NAME)";
				SWIFT_EMIT_LOC_STRINGS = NO;
				SWIFT_VERSION = 5.0;
				TARGETED_DEVICE_FAMILY = "1,2";
				TEST_TARGET_NAME = SportNews;
			};
			name = Release;
		};
/* End XCBuildConfiguration section */

/* Begin XCConfigurationList section */
		54FFA69829845AEC0064E415 /* Build configuration list for PBXProject "SportNews" */ = {
			isa = XCConfigurationList;
			buildConfigurations = (
				54FFA6C529845AEF0064E415 /* Debug */,
				54FFA6C629845AEF0064E415 /* Release */,
			);
			defaultConfigurationIsVisible = 0;
			defaultConfigurationName = Release;
		};
		54FFA6C729845AEF0064E415 /* Build configuration list for PBXNativeTarget "SportNews" */ = {
			isa = XCConfigurationList;
			buildConfigurations = (
				54FFA6C829845AEF0064E415 /* Debug */,
				54FFA6C929845AEF0064E415 /* Release */,
			);
			defaultConfigurationIsVisible = 0;
			defaultConfigurationName = Release;
		};
		54FFA6CA29845AEF0064E415 /* Build configuration list for PBXNativeTarget "SportNewsTests" */ = {
			isa = XCConfigurationList;
			buildConfigurations = (
				54FFA6CB29845AEF0064E415 /* Debug */,
				54FFA6CC29845AEF0064E415 /* Release */,
			);
			defaultConfigurationIsVisible = 0;
			defaultConfigurationName = Release;
		};
		54FFA6CD29845AEF0064E415 /* Build configuration list for PBXNativeTarget "SportNewsUITests" */ = {
			isa = XCConfigurationList;
			buildConfigurations = (
				54FFA6CE29845AEF0064E415 /* Debug */,
				54FFA6CF29845AEF0064E415 /* Release */,
			);
			defaultConfigurationIsVisible = 0;
			defaultConfigurationName = Release;
		};
/* End XCConfigurationList section */
	};
	rootObject = 54FFA69529845AEC0064E415 /* Project object */;
}
