// !$*UTF8*$!
{
	archiveVersion = 1;
	classes = {
	};
	objectVersion = 56;
	objects = {

/* Begin PBXBuildFile section */
		02EF0C94C24F808B94C15607 /* Pods_SportNews.framework in Frameworks */ = {isa = PBXBuildFile; fileRef = F32333B1A65578E793CCA19F /* Pods_SportNews.framework */; };
		54C3312829847F0700CC7F16 /* BaseViewController.swift in Sources */ = {isa = PBXBuildFile; fileRef = 54C3312729847F0700CC7F16 /* BaseViewController.swift */; };
		54C3312B29847F5500CC7F16 /* Alertable.swift in Sources */ = {isa = PBXBuildFile; fileRef = 54C3312A29847F5500CC7F16 /* Alertable.swift */; };
		54C3312E2984809E00CC7F16 /* ScreenState.swift in Sources */ = {isa = PBXBuildFile; fileRef = 54C3312D2984809E00CC7F16 /* ScreenState.swift */; };
		54C331302984822800CC7F16 /* LoadingView.swift in Sources */ = {isa = PBXBuildFile; fileRef = 54C3312F2984822800CC7F16 /* LoadingView.swift */; };
		54FFA6A129845AED0064E415 /* AppDelegate.swift in Sources */ = {isa = PBXBuildFile; fileRef = 54FFA6A029845AED0064E415 /* AppDelegate.swift */; };
		54FFA6A329845AED0064E415 /* SceneDelegate.swift in Sources */ = {isa = PBXBuildFile; fileRef = 54FFA6A229845AED0064E415 /* SceneDelegate.swift */; };
		54FFA6A529845AED0064E415 /* ViewController.swift in Sources */ = {isa = PBXBuildFile; fileRef = 54FFA6A429845AED0064E415 /* ViewController.swift */; };
		54FFA6A829845AED0064E415 /* Main.storyboard in Resources */ = {isa = PBXBuildFile; fileRef = 54FFA6A629845AED0064E415 /* Main.storyboard */; };
		54FFA6AA29845AEE0064E415 /* Assets.xcassets in Resources */ = {isa = PBXBuildFile; fileRef = 54FFA6A929845AEE0064E415 /* Assets.xcassets */; };
		54FFA6AD29845AEE0064E415 /* LaunchScreen.storyboard in Resources */ = {isa = PBXBuildFile; fileRef = 54FFA6AB29845AEE0064E415 /* LaunchScreen.storyboard */; };
		54FFA6B829845AEE0064E415 /* SportNewsTests.swift in Sources */ = {isa = PBXBuildFile; fileRef = 54FFA6B729845AEE0064E415 /* SportNewsTests.swift */; };
		54FFA6C229845AEF0064E415 /* SportNewsUITests.swift in Sources */ = {isa = PBXBuildFile; fileRef = 54FFA6C129845AEF0064E415 /* SportNewsUITests.swift */; };
		54FFA6C429845AEF0064E415 /* SportNewsUITestsLaunchTests.swift in Sources */ = {isa = PBXBuildFile; fileRef = 54FFA6C329845AEF0064E415 /* SportNewsUITestsLaunchTests.swift */; };
		54FFA6D72984650D0064E415 /* swiftgen.yml in Resources */ = {isa = PBXBuildFile; fileRef = 54FFA6D62984650D0064E415 /* swiftgen.yml */; };
		54FFA6D9298465A70064E415 /* Images.xcassets in Resources */ = {isa = PBXBuildFile; fileRef = 54FFA6D8298465A70064E415 /* Images.xcassets */; };
		54FFA6DB298465B90064E415 /* Colors.xcassets in Resources */ = {isa = PBXBuildFile; fileRef = 54FFA6DA298465B90064E415 /* Colors.xcassets */; };
		54FFA6DE2984660D0064E415 /* Localizable.strings in Resources */ = {isa = PBXBuildFile; fileRef = 54FFA6E02984660D0064E415 /* Localizable.strings */; };
		54FFA6E42984664B0064E415 /* Strings.swift in Sources */ = {isa = PBXBuildFile; fileRef = 54FFA6E12984664B0064E415 /* Strings.swift */; };
		54FFA6E52984664B0064E415 /* Info.swift in Sources */ = {isa = PBXBuildFile; fileRef = 54FFA6E22984664B0064E415 /* Info.swift */; };
		54FFA6E62984664B0064E415 /* Assets.swift in Sources */ = {isa = PBXBuildFile; fileRef = 54FFA6E32984664B0064E415 /* Assets.swift */; };
		7381123E457FECD2DBA827CB /* Pods_SportNews_SportNewsUITests.framework in Frameworks */ = {isa = PBXBuildFile; fileRef = C66283F029F31F4B3642B19B /* Pods_SportNews_SportNewsUITests.framework */; };
		DB54B7577ECD9E22E75DA69A /* Pods_SportNewsTests.framework in Frameworks */ = {isa = PBXBuildFile; fileRef = 9475C81543D9716BC5C66410 /* Pods_SportNewsTests.framework */; };
/* End PBXBuildFile section */

/* Begin PBXContainerItemProxy section */
		54FFA6B429845AEE0064E415 /* PBXContainerItemProxy */ = {
			isa = PBXContainerItemProxy;
			containerPortal = 54FFA69529845AEC0064E415 /* Project object */;
			proxyType = 1;
			remoteGlobalIDString = 54FFA69C29845AEC0064E415;
			remoteInfo = SportNews;
		};
		54FFA6BE29845AEF0064E415 /* PBXContainerItemProxy */ = {
			isa = PBXContainerItemProxy;
			containerPortal = 54FFA69529845AEC0064E415 /* Project object */;
			proxyType = 1;
			remoteGlobalIDString = 54FFA69C29845AEC0064E415;
			remoteInfo = SportNews;
		};
/* End PBXContainerItemProxy section */

/* Begin PBXFileReference section */
		1EF35DE3BD06CC3968A254E8 /* Pods-SportNews-SportNewsUITests.debug.xcconfig */ = {isa = PBXFileReference; includeInIndex = 1; lastKnownFileType = text.xcconfig; name = "Pods-SportNews-SportNewsUITests.debug.xcconfig"; path = "Target Support Files/Pods-SportNews-SportNewsUITests/Pods-SportNews-SportNewsUITests.debug.xcconfig"; sourceTree = "<group>"; };
		3B9B65007BCA6E0DCA4A44C0 /* Pods-SportNewsTests.release.xcconfig */ = {isa = PBXFileReference; includeInIndex = 1; lastKnownFileType = text.xcconfig; name = "Pods-SportNewsTests.release.xcconfig"; path = "Target Support Files/Pods-SportNewsTests/Pods-SportNewsTests.release.xcconfig"; sourceTree = "<group>"; };
		54AF32EAEA689095E097E9F9 /* Pods-SportNews.debug.xcconfig */ = {isa = PBXFileReference; includeInIndex = 1; lastKnownFileType = text.xcconfig; name = "Pods-SportNews.debug.xcconfig"; path = "Target Support Files/Pods-SportNews/Pods-SportNews.debug.xcconfig"; sourceTree = "<group>"; };
		54C3312729847F0700CC7F16 /* BaseViewController.swift */ = {isa = PBXFileReference; lastKnownFileType = sourcecode.swift; path = BaseViewController.swift; sourceTree = "<group>"; };
		54C3312A29847F5500CC7F16 /* Alertable.swift */ = {isa = PBXFileReference; lastKnownFileType = sourcecode.swift; path = Alertable.swift; sourceTree = "<group>"; };
		54C3312D2984809E00CC7F16 /* ScreenState.swift */ = {isa = PBXFileReference; lastKnownFileType = sourcecode.swift; path = ScreenState.swift; sourceTree = "<group>"; };
		54C3312F2984822800CC7F16 /* LoadingView.swift */ = {isa = PBXFileReference; lastKnownFileType = sourcecode.swift; path = LoadingView.swift; sourceTree = "<group>"; };
		54FFA69D29845AEC0064E415 /* SportNews.app */ = {isa = PBXFileReference; explicitFileType = wrapper.application; includeInIndex = 0; path = SportNews.app; sourceTree = BUILT_PRODUCTS_DIR; };
		54FFA6A029845AED0064E415 /* AppDelegate.swift */ = {isa = PBXFileReference; lastKnownFileType = sourcecode.swift; path = AppDelegate.swift; sourceTree = "<group>"; };
		54FFA6A229845AED0064E415 /* SceneDelegate.swift */ = {isa = PBXFileReference; lastKnownFileType = sourcecode.swift; path = SceneDelegate.swift; sourceTree = "<group>"; };
		54FFA6A429845AED0064E415 /* ViewController.swift */ = {isa = PBXFileReference; lastKnownFileType = sourcecode.swift; path = ViewController.swift; sourceTree = "<group>"; };
		54FFA6A729845AED0064E415 /* Base */ = {isa = PBXFileReference; lastKnownFileType = file.storyboard; name = Base; path = Base.lproj/Main.storyboard; sourceTree = "<group>"; };
		54FFA6A929845AEE0064E415 /* Assets.xcassets */ = {isa = PBXFileReference; lastKnownFileType = folder.assetcatalog; path = Assets.xcassets; sourceTree = "<group>"; };
		54FFA6AC29845AEE0064E415 /* Base */ = {isa = PBXFileReference; lastKnownFileType = file.storyboard; name = Base; path = Base.lproj/LaunchScreen.storyboard; sourceTree = "<group>"; };
		54FFA6AE29845AEE0064E415 /* Info.plist */ = {isa = PBXFileReference; lastKnownFileType = text.plist.xml; path = Info.plist; sourceTree = "<group>"; };
		54FFA6B329845AEE0064E415 /* SportNewsTests.xctest */ = {isa = PBXFileReference; explicitFileType = wrapper.cfbundle; includeInIndex = 0; path = SportNewsTests.xctest; sourceTree = BUILT_PRODUCTS_DIR; };
		54FFA6B729845AEE0064E415 /* SportNewsTests.swift */ = {isa = PBXFileReference; lastKnownFileType = sourcecode.swift; path = SportNewsTests.swift; sourceTree = "<group>"; };
		54FFA6BD29845AEF0064E415 /* SportNewsUITests.xctest */ = {isa = PBXFileReference; explicitFileType = wrapper.cfbundle; includeInIndex = 0; path = SportNewsUITests.xctest; sourceTree = BUILT_PRODUCTS_DIR; };
		54FFA6C129845AEF0064E415 /* SportNewsUITests.swift */ = {isa = PBXFileReference; lastKnownFileType = sourcecode.swift; path = SportNewsUITests.swift; sourceTree = "<group>"; };
		54FFA6C329845AEF0064E415 /* SportNewsUITestsLaunchTests.swift */ = {isa = PBXFileReference; lastKnownFileType = sourcecode.swift; path = SportNewsUITestsLaunchTests.swift; sourceTree = "<group>"; };
		54FFA6D62984650D0064E415 /* swiftgen.yml */ = {isa = PBXFileReference; fileEncoding = 4; lastKnownFileType = text.yaml; path = swiftgen.yml; sourceTree = SOURCE_ROOT; };
		54FFA6D8298465A70064E415 /* Images.xcassets */ = {isa = PBXFileReference; lastKnownFileType = folder.assetcatalog; path = Images.xcassets; sourceTree = "<group>"; };
		54FFA6DA298465B90064E415 /* Colors.xcassets */ = {isa = PBXFileReference; lastKnownFileType = folder.assetcatalog; path = Colors.xcassets; sourceTree = "<group>"; };
		54FFA6DF2984660D0064E415 /* en */ = {isa = PBXFileReference; lastKnownFileType = text.plist.strings; name = en; path = en.lproj/Localizable.strings; sourceTree = "<group>"; };
		54FFA6E12984664B0064E415 /* Strings.swift */ = {isa = PBXFileReference; fileEncoding = 4; lastKnownFileType = sourcecode.swift; path = Strings.swift; sourceTree = "<group>"; };
		54FFA6E22984664B0064E415 /* Info.swift */ = {isa = PBXFileReference; fileEncoding = 4; lastKnownFileType = sourcecode.swift; path = Info.swift; sourceTree = "<group>"; };
		54FFA6E32984664B0064E415 /* Assets.swift */ = {isa = PBXFileReference; fileEncoding = 4; lastKnownFileType = sourcecode.swift; path = Assets.swift; sourceTree = "<group>"; };
		74FC1251F9E1ADE1B30D0EBE /* Pods-SportNews.release.xcconfig */ = {isa = PBXFileReference; includeInIndex = 1; lastKnownFileType = text.xcconfig; name = "Pods-SportNews.release.xcconfig"; path = "Target Support Files/Pods-SportNews/Pods-SportNews.release.xcconfig"; sourceTree = "<group>"; };
		9475C81543D9716BC5C66410 /* Pods_SportNewsTests.framework */ = {isa = PBXFileReference; explicitFileType = wrapper.framework; includeInIndex = 0; path = Pods_SportNewsTests.framework; sourceTree = BUILT_PRODUCTS_DIR; };
		C66283F029F31F4B3642B19B /* Pods_SportNews_SportNewsUITests.framework */ = {isa = PBXFileReference; explicitFileType = wrapper.framework; includeInIndex = 0; path = Pods_SportNews_SportNewsUITests.framework; sourceTree = BUILT_PRODUCTS_DIR; };
		CE913F1A632F5800B65F03F9 /* Pods-SportNews-SportNewsUITests.release.xcconfig */ = {isa = PBXFileReference; includeInIndex = 1; lastKnownFileType = text.xcconfig; name = "Pods-SportNews-SportNewsUITests.release.xcconfig"; path = "Target Support Files/Pods-SportNews-SportNewsUITests/Pods-SportNews-SportNewsUITests.release.xcconfig"; sourceTree = "<group>"; };
		E2A9803B248249D158F24F0D /* Pods-SportNewsTests.debug.xcconfig */ = {isa = PBXFileReference; includeInIndex = 1; lastKnownFileType = text.xcconfig; name = "Pods-SportNewsTests.debug.xcconfig"; path = "Target Support Files/Pods-SportNewsTests/Pods-SportNewsTests.debug.xcconfig"; sourceTree = "<group>"; };
		F32333B1A65578E793CCA19F /* Pods_SportNews.framework */ = {isa = PBXFileReference; explicitFileType = wrapper.framework; includeInIndex = 0; path = Pods_SportNews.framework; sourceTree = BUILT_PRODUCTS_DIR; };
/* End PBXFileReference section */

/* Begin PBXFrameworksBuildPhase section */
		54FFA69A29845AEC0064E415 /* Frameworks */ = {
			isa = PBXFrameworksBuildPhase;
			buildActionMask = 2147483647;
			files = (
				02EF0C94C24F808B94C15607 /* Pods_SportNews.framework in Frameworks */,
			);
			runOnlyForDeploymentPostprocessing = 0;
		};
		54FFA6B029845AEE0064E415 /* Frameworks */ = {
			isa = PBXFrameworksBuildPhase;
			buildActionMask = 2147483647;
			files = (
				DB54B7577ECD9E22E75DA69A /* Pods_SportNewsTests.framework in Frameworks */,
			);
			runOnlyForDeploymentPostprocessing = 0;
		};
		54FFA6BA29845AEF0064E415 /* Frameworks */ = {
			isa = PBXFrameworksBuildPhase;
			buildActionMask = 2147483647;
			files = (
				7381123E457FECD2DBA827CB /* Pods_SportNews_SportNewsUITests.framework in Frameworks */,
			);
			runOnlyForDeploymentPostprocessing = 0;
		};
/* End PBXFrameworksBuildPhase section */

/* Begin PBXGroup section */
		0B4E0DD77CAA3492DAD28F81 /* Pods */ = {
			isa = PBXGroup;
			children = (
				54AF32EAEA689095E097E9F9 /* Pods-SportNews.debug.xcconfig */,
				74FC1251F9E1ADE1B30D0EBE /* Pods-SportNews.release.xcconfig */,
				1EF35DE3BD06CC3968A254E8 /* Pods-SportNews-SportNewsUITests.debug.xcconfig */,
				CE913F1A632F5800B65F03F9 /* Pods-SportNews-SportNewsUITests.release.xcconfig */,
				E2A9803B248249D158F24F0D /* Pods-SportNewsTests.debug.xcconfig */,
				3B9B65007BCA6E0DCA4A44C0 /* Pods-SportNewsTests.release.xcconfig */,
			);
			path = Pods;
			sourceTree = "<group>";
		};
		54C3312529847EE600CC7F16 /* Screens */ = {
			isa = PBXGroup;
			children = (
				54C3312C2984809500CC7F16 /* State */,
				54C3312929847F4A00CC7F16 /* Utils */,
				54C3312629847EF900CC7F16 /* Base */,
			);
			path = Screens;
			sourceTree = "<group>";
		};
		54C3312629847EF900CC7F16 /* Base */ = {
			isa = PBXGroup;
			children = (
				54C3312729847F0700CC7F16 /* BaseViewController.swift */,
			);
			path = Base;
			sourceTree = "<group>";
		};
		54C3312929847F4A00CC7F16 /* Utils */ = {
			isa = PBXGroup;
			children = (
				54C3312A29847F5500CC7F16 /* Alertable.swift */,
				54C3312F2984822800CC7F16 /* LoadingView.swift */,
			);
			path = Utils;
			sourceTree = "<group>";
		};
		54C3312C2984809500CC7F16 /* State */ = {
			isa = PBXGroup;
			children = (
				54C3312D2984809E00CC7F16 /* ScreenState.swift */,
			);
			path = State;
			sourceTree = "<group>";
		};
		54FFA69429845AEC0064E415 = {
			isa = PBXGroup;
			children = (
				54FFA69F29845AEC0064E415 /* SportNews */,
				54FFA6B629845AEE0064E415 /* SportNewsTests */,
				54FFA6C029845AEF0064E415 /* SportNewsUITests */,
				54FFA69E29845AEC0064E415 /* Products */,
				0B4E0DD77CAA3492DAD28F81 /* Pods */,
				E1A62F0B6501EA5463E06691 /* Frameworks */,
			);
			sourceTree = "<group>";
		};
		54FFA69E29845AEC0064E415 /* Products */ = {
			isa = PBXGroup;
			children = (
				54FFA69D29845AEC0064E415 /* SportNews.app */,
				54FFA6B329845AEE0064E415 /* SportNewsTests.xctest */,
				54FFA6BD29845AEF0064E415 /* SportNewsUITests.xctest */,
			);
			name = Products;
			sourceTree = "<group>";
		};
		54FFA69F29845AEC0064E415 /* SportNews */ = {
			isa = PBXGroup;
			children = (
				54C3312529847EE600CC7F16 /* Screens */,
				54FFA6E8298468010064E415 /* Supporting */,
				54FFA6D2298463440064E415 /* Resources */,
				54FFA6D1298463210064E415 /* Generated */,
				54FFA6A429845AED0064E415 /* ViewController.swift */,
				54FFA6A629845AED0064E415 /* Main.storyboard */,
				54FFA6AB29845AEE0064E415 /* LaunchScreen.storyboard */,
			);
			path = SportNews;
			sourceTree = "<group>";
		};
		54FFA6B629845AEE0064E415 /* SportNewsTests */ = {
			isa = PBXGroup;
			children = (
				54FFA6B729845AEE0064E415 /* SportNewsTests.swift */,
			);
			path = SportNewsTests;
			sourceTree = "<group>";
		};
		54FFA6C029845AEF0064E415 /* SportNewsUITests */ = {
			isa = PBXGroup;
			children = (
				54FFA6C129845AEF0064E415 /* SportNewsUITests.swift */,
				54FFA6C329845AEF0064E415 /* SportNewsUITestsLaunchTests.swift */,
			);
			path = SportNewsUITests;
			sourceTree = "<group>";
		};
		54FFA6D1298463210064E415 /* Generated */ = {
			isa = PBXGroup;
			children = (
				54FFA6E32984664B0064E415 /* Assets.swift */,
				54FFA6E22984664B0064E415 /* Info.swift */,
				54FFA6E12984664B0064E415 /* Strings.swift */,
			);
			path = Generated;
			sourceTree = "<group>";
		};
		54FFA6D2298463440064E415 /* Resources */ = {
			isa = PBXGroup;
			children = (
				54FFA6A929845AEE0064E415 /* Assets.xcassets */,
				54FFA6D62984650D0064E415 /* swiftgen.yml */,
				54FFA6AE29845AEE0064E415 /* Info.plist */,
				54FFA6D8298465A70064E415 /* Images.xcassets */,
				54FFA6DA298465B90064E415 /* Colors.xcassets */,
				54FFA6E02984660D0064E415 /* Localizable.strings */,
			);
			path = Resources;
			sourceTree = "<group>";
		};
		54FFA6E8298468010064E415 /* Supporting */ = {
			isa = PBXGroup;
			children = (
				54FFA6A029845AED0064E415 /* AppDelegate.swift */,
				54FFA6A229845AED0064E415 /* SceneDelegate.swift */,
			);
			path = Supporting;
			sourceTree = "<group>";
		};
		E1A62F0B6501EA5463E06691 /* Frameworks */ = {
			isa = PBXGroup;
			children = (
				F32333B1A65578E793CCA19F /* Pods_SportNews.framework */,
				C66283F029F31F4B3642B19B /* Pods_SportNews_SportNewsUITests.framework */,
				9475C81543D9716BC5C66410 /* Pods_SportNewsTests.framework */,
			);
			name = Frameworks;
			sourceTree = "<group>";
		};
/* End PBXGroup section */

/* Begin PBXNativeTarget section */
		54FFA69C29845AEC0064E415 /* SportNews */ = {
			isa = PBXNativeTarget;
			buildConfigurationList = 54FFA6C729845AEF0064E415 /* Build configuration list for PBXNativeTarget "SportNews" */;
			buildPhases = (
				6D9FB79918BA9B411A1BA5C6 /* [CP] Check Pods Manifest.lock */,
				54FFA69929845AEC0064E415 /* Sources */,
				54FFA69A29845AEC0064E415 /* Frameworks */,
				54FFA69B29845AEC0064E415 /* Resources */,
				54FFA6D0298462510064E415 /* SwiftGen */,
				54C331312984867500CC7F16 /* SwiftLint */,
			);
			buildRules = (
			);
			dependencies = (
			);
			name = SportNews;
			productName = SportNews;
			productReference = 54FFA69D29845AEC0064E415 /* SportNews.app */;
			productType = "com.apple.product-type.application";
		};
		54FFA6B229845AEE0064E415 /* SportNewsTests */ = {
			isa = PBXNativeTarget;
			buildConfigurationList = 54FFA6CA29845AEF0064E415 /* Build configuration list for PBXNativeTarget "SportNewsTests" */;
			buildPhases = (
				8AF4DCD469EA77B0197EE77E /* [CP] Check Pods Manifest.lock */,
				54FFA6AF29845AEE0064E415 /* Sources */,
				54FFA6B029845AEE0064E415 /* Frameworks */,
				54FFA6B129845AEE0064E415 /* Resources */,
			);
			buildRules = (
			);
			dependencies = (
				54FFA6B529845AEE0064E415 /* PBXTargetDependency */,
			);
			name = SportNewsTests;
			productName = SportNewsTests;
			productReference = 54FFA6B329845AEE0064E415 /* SportNewsTests.xctest */;
			productType = "com.apple.product-type.bundle.unit-test";
		};
		54FFA6BC29845AEF0064E415 /* SportNewsUITests */ = {
			isa = PBXNativeTarget;
			buildConfigurationList = 54FFA6CD29845AEF0064E415 /* Build configuration list for PBXNativeTarget "SportNewsUITests" */;
			buildPhases = (
				467401051222BB1DA69A15D5 /* [CP] Check Pods Manifest.lock */,
				54FFA6B929845AEF0064E415 /* Sources */,
				54FFA6BA29845AEF0064E415 /* Frameworks */,
				54FFA6BB29845AEF0064E415 /* Resources */,
			);
			buildRules = (
			);
			dependencies = (
				54FFA6BF29845AEF0064E415 /* PBXTargetDependency */,
			);
			name = SportNewsUITests;
			productName = SportNewsUITests;
			productReference = 54FFA6BD29845AEF0064E415 /* SportNewsUITests.xctest */;
			productType = "com.apple.product-type.bundle.ui-testing";
		};
/* End PBXNativeTarget section */

/* Begin PBXProject section */
		54FFA69529845AEC0064E415 /* Project object */ = {
			isa = PBXProject;
			attributes = {
				BuildIndependentTargetsInParallel = 1;
				LastSwiftUpdateCheck = 1420;
				LastUpgradeCheck = 1420;
				TargetAttributes = {
					54FFA69C29845AEC0064E415 = {
						CreatedOnToolsVersion = 14.2;
					};
					54FFA6B229845AEE0064E415 = {
						CreatedOnToolsVersion = 14.2;
						TestTargetID = 54FFA69C29845AEC0064E415;
					};
					54FFA6BC29845AEF0064E415 = {
						CreatedOnToolsVersion = 14.2;
						TestTargetID = 54FFA69C29845AEC0064E415;
					};
				};
			};
			buildConfigurationList = 54FFA69829845AEC0064E415 /* Build configuration list for PBXProject "SportNews" */;
			compatibilityVersion = "Xcode 14.0";
			developmentRegion = en;
			hasScannedForEncodings = 0;
			knownRegions = (
				en,
				Base,
			);
			mainGroup = 54FFA69429845AEC0064E415;
			productRefGroup = 54FFA69E29845AEC0064E415 /* Products */;
			projectDirPath = "";
			projectRoot = "";
			targets = (
				54FFA69C29845AEC0064E415 /* SportNews */,
				54FFA6B229845AEE0064E415 /* SportNewsTests */,
				54FFA6BC29845AEF0064E415 /* SportNewsUITests */,
			);
		};
/* End PBXProject section */

/* Begin PBXResourcesBuildPhase section */
		54FFA69B29845AEC0064E415 /* Resources */ = {
			isa = PBXResourcesBuildPhase;
			buildActionMask = 2147483647;
			files = (
				54FFA6AD29845AEE0064E415 /* LaunchScreen.storyboard in Resources */,
				54FFA6D9298465A70064E415 /* Images.xcassets in Resources */,
				54FFA6D72984650D0064E415 /* swiftgen.yml in Resources */,
				54FFA6DE2984660D0064E415 /* Localizable.strings in Resources */,
				54FFA6DB298465B90064E415 /* Colors.xcassets in Resources */,
				54FFA6AA29845AEE0064E415 /* Assets.xcassets in Resources */,
				54FFA6A829845AED0064E415 /* Main.storyboard in Resources */,
			);
			runOnlyForDeploymentPostprocessing = 0;
		};
		54FFA6B129845AEE0064E415 /* Resources */ = {
			isa = PBXResourcesBuildPhase;
			buildActionMask = 2147483647;
			files = (
			);
			runOnlyForDeploymentPostprocessing = 0;
		};
		54FFA6BB29845AEF0064E415 /* Resources */ = {
			isa = PBXResourcesBuildPhase;
			buildActionMask = 2147483647;
			files = (
			);
			runOnlyForDeploymentPostprocessing = 0;
		};
/* End PBXResourcesBuildPhase section */

/* Begin PBXShellScriptBuildPhase section */
		467401051222BB1DA69A15D5 /* [CP] Check Pods Manifest.lock */ = {
			isa = PBXShellScriptBuildPhase;
			buildActionMask = 2147483647;
			files = (
			);
			inputFileListPaths = (
			);
			inputPaths = (
				"${PODS_PODFILE_DIR_PATH}/Podfile.lock",
				"${PODS_ROOT}/Manifest.lock",
			);
			name = "[CP] Check Pods Manifest.lock";
			outputFileListPaths = (
			);
			outputPaths = (
				"$(DERIVED_FILE_DIR)/Pods-SportNews-SportNewsUITests-checkManifestLockResult.txt",
			);
			runOnlyForDeploymentPostprocessing = 0;
			shellPath = /bin/sh;
			shellScript = "diff \"${PODS_PODFILE_DIR_PATH}/Podfile.lock\" \"${PODS_ROOT}/Manifest.lock\" > /dev/null\nif [ $? != 0 ] ; then\n    # print error to STDERR\n    echo \"error: The sandbox is not in sync with the Podfile.lock. Run 'pod install' or update your CocoaPods installation.\" >&2\n    exit 1\nfi\n# This output is used by Xcode 'outputs' to avoid re-running this script phase.\necho \"SUCCESS\" > \"${SCRIPT_OUTPUT_FILE_0}\"\n";
			showEnvVarsInLog = 0;
		};
		54C331312984867500CC7F16 /* SwiftLint */ = {
			isa = PBXShellScriptBuildPhase;
			buildActionMask = 2147483647;
			files = (
			);
			inputFileListPaths = (
			);
			inputPaths = (
			);
			name = SwiftLint;
			outputFileListPaths = (
			);
			outputPaths = (
			);
			runOnlyForDeploymentPostprocessing = 0;
			shellPath = /bin/sh;
			shellScript = "# Type a script or drag a script file from your workspace to insert its path.\n\"${PODS_ROOT}/SwiftLint/swiftlint\"\n";
		};
		54FFA6D0298462510064E415 /* SwiftGen */ = {
			isa = PBXShellScriptBuildPhase;
			buildActionMask = 2147483647;
			files = (
			);
			inputFileListPaths = (
			);
			inputPaths = (
			);
			name = SwiftGen;
			outputFileListPaths = (
			);
			outputPaths = (
			);
			runOnlyForDeploymentPostprocessing = 0;
			shellPath = /bin/sh;
			shellScript = "# Type a script or drag a script file from your workspace to insert its path.\n\"$PROJECT_DIR\"/swiftgen/bin/swiftgen config lint\n\"$PROJECT_DIR\"/swiftgen/bin/swiftgen config run\n";
		};
		6D9FB79918BA9B411A1BA5C6 /* [CP] Check Pods Manifest.lock */ = {
			isa = PBXShellScriptBuildPhase;
			buildActionMask = 2147483647;
			files = (
			);
			inputFileListPaths = (
			);
			inputPaths = (
				"${PODS_PODFILE_DIR_PATH}/Podfile.lock",
				"${PODS_ROOT}/Manifest.lock",
			);
			name = "[CP] Check Pods Manifest.lock";
			outputFileListPaths = (
			);
			outputPaths = (
				"$(DERIVED_FILE_DIR)/Pods-SportNews-checkManifestLockResult.txt",
			);
			runOnlyForDeploymentPostprocessing = 0;
			shellPath = /bin/sh;
			shellScript = "diff \"${PODS_PODFILE_DIR_PATH}/Podfile.lock\" \"${PODS_ROOT}/Manifest.lock\" > /dev/null\nif [ $? != 0 ] ; then\n    # print error to STDERR\n    echo \"error: The sandbox is not in sync with the Podfile.lock. Run 'pod install' or update your CocoaPods installation.\" >&2\n    exit 1\nfi\n# This output is used by Xcode 'outputs' to avoid re-running this script phase.\necho \"SUCCESS\" > \"${SCRIPT_OUTPUT_FILE_0}\"\n";
			showEnvVarsInLog = 0;
		};
		8AF4DCD469EA77B0197EE77E /* [CP] Check Pods Manifest.lock */ = {
			isa = PBXShellScriptBuildPhase;
			buildActionMask = 2147483647;
			files = (
			);
			inputFileListPaths = (
			);
			inputPaths = (
				"${PODS_PODFILE_DIR_PATH}/Podfile.lock",
				"${PODS_ROOT}/Manifest.lock",
			);
			name = "[CP] Check Pods Manifest.lock";
			outputFileListPaths = (
			);
			outputPaths = (
				"$(DERIVED_FILE_DIR)/Pods-SportNewsTests-checkManifestLockResult.txt",
			);
			runOnlyForDeploymentPostprocessing = 0;
			shellPath = /bin/sh;
			shellScript = "diff \"${PODS_PODFILE_DIR_PATH}/Podfile.lock\" \"${PODS_ROOT}/Manifest.lock\" > /dev/null\nif [ $? != 0 ] ; then\n    # print error to STDERR\n    echo \"error: The sandbox is not in sync with the Podfile.lock. Run 'pod install' or update your CocoaPods installation.\" >&2\n    exit 1\nfi\n# This output is used by Xcode 'outputs' to avoid re-running this script phase.\necho \"SUCCESS\" > \"${SCRIPT_OUTPUT_FILE_0}\"\n";
			showEnvVarsInLog = 0;
		};
/* End PBXShellScriptBuildPhase section */

/* Begin PBXSourcesBuildPhase section */
		54FFA69929845AEC0064E415 /* Sources */ = {
			isa = PBXSourcesBuildPhase;
			buildActionMask = 2147483647;
			files = (
				54FFA6A529845AED0064E415 /* ViewController.swift in Sources */,
				54FFA6A129845AED0064E415 /* AppDelegate.swift in Sources */,
				54FFA6E62984664B0064E415 /* Assets.swift in Sources */,
				54C331302984822800CC7F16 /* LoadingView.swift in Sources */,
				54FFA6E42984664B0064E415 /* Strings.swift in Sources */,
				54FFA6E52984664B0064E415 /* Info.swift in Sources */,
				54C3312829847F0700CC7F16 /* BaseViewController.swift in Sources */,
				54C3312B29847F5500CC7F16 /* Alertable.swift in Sources */,
				54C3312E2984809E00CC7F16 /* ScreenState.swift in Sources */,
				54FFA6A329845AED0064E415 /* SceneDelegate.swift in Sources */,
			);
			runOnlyForDeploymentPostprocessing = 0;
		};
		54FFA6AF29845AEE0064E415 /* Sources */ = {
			isa = PBXSourcesBuildPhase;
			buildActionMask = 2147483647;
			files = (
				54FFA6B829845AEE0064E415 /* SportNewsTests.swift in Sources */,
			);
			runOnlyForDeploymentPostprocessing = 0;
		};
		54FFA6B929845AEF0064E415 /* Sources */ = {
			isa = PBXSourcesBuildPhase;
			buildActionMask = 2147483647;
			files = (
				54FFA6C429845AEF0064E415 /* SportNewsUITestsLaunchTests.swift in Sources */,
				54FFA6C229845AEF0064E415 /* SportNewsUITests.swift in Sources */,
			);
			runOnlyForDeploymentPostprocessing = 0;
		};
/* End PBXSourcesBuildPhase section */

/* Begin PBXTargetDependency section */
		54FFA6B529845AEE0064E415 /* PBXTargetDependency */ = {
			isa = PBXTargetDependency;
			target = 54FFA69C29845AEC0064E415 /* SportNews */;
			targetProxy = 54FFA6B429845AEE0064E415 /* PBXContainerItemProxy */;
		};
		54FFA6BF29845AEF0064E415 /* PBXTargetDependency */ = {
			isa = PBXTargetDependency;
			target = 54FFA69C29845AEC0064E415 /* SportNews */;
			targetProxy = 54FFA6BE29845AEF0064E415 /* PBXContainerItemProxy */;
		};
/* End PBXTargetDependency section */

/* Begin PBXVariantGroup section */
		54FFA6A629845AED0064E415 /* Main.storyboard */ = {
			isa = PBXVariantGroup;
			children = (
				54FFA6A729845AED0064E415 /* Base */,
			);
			name = Main.storyboard;
			sourceTree = "<group>";
		};
		54FFA6AB29845AEE0064E415 /* LaunchScreen.storyboard */ = {
			isa = PBXVariantGroup;
			children = (
				54FFA6AC29845AEE0064E415 /* Base */,
			);
			name = LaunchScreen.storyboard;
			sourceTree = "<group>";
		};
		54FFA6E02984660D0064E415 /* Localizable.strings */ = {
			isa = PBXVariantGroup;
			children = (
				54FFA6DF2984660D0064E415 /* en */,
			);
			name = Localizable.strings;
			sourceTree = "<group>";
		};
/* End PBXVariantGroup section */

/* Begin XCBuildConfiguration section */
		54FFA6C529845AEF0064E415 /* Debug */ = {
			isa = XCBuildConfiguration;
			buildSettings = {
				ALWAYS_SEARCH_USER_PATHS = NO;
				CLANG_ANALYZER_NONNULL = YES;
				CLANG_ANALYZER_NUMBER_OBJECT_CONVERSION = YES_AGGRESSIVE;
				CLANG_CXX_LANGUAGE_STANDARD = "gnu++20";
				CLANG_ENABLE_MODULES = YES;
				CLANG_ENABLE_OBJC_ARC = YES;
				CLANG_ENABLE_OBJC_WEAK = YES;
				CLANG_WARN_BLOCK_CAPTURE_AUTORELEASING = YES;
				CLANG_WARN_BOOL_CONVERSION = YES;
				CLANG_WARN_COMMA = YES;
				CLANG_WARN_CONSTANT_CONVERSION = YES;
				CLANG_WARN_DEPRECATED_OBJC_IMPLEMENTATIONS = YES;
				CLANG_WARN_DIRECT_OBJC_ISA_USAGE = YES_ERROR;
				CLANG_WARN_DOCUMENTATION_COMMENTS = YES;
				CLANG_WARN_EMPTY_BODY = YES;
				CLANG_WARN_ENUM_CONVERSION = YES;
				CLANG_WARN_INFINITE_RECURSION = YES;
				CLANG_WARN_INT_CONVERSION = YES;
				CLANG_WARN_NON_LITERAL_NULL_CONVERSION = YES;
				CLANG_WARN_OBJC_IMPLICIT_RETAIN_SELF = YES;
				CLANG_WARN_OBJC_LITERAL_CONVERSION = YES;
				CLANG_WARN_OBJC_ROOT_CLASS = YES_ERROR;
				CLANG_WARN_QUOTED_INCLUDE_IN_FRAMEWORK_HEADER = YES;
				CLANG_WARN_RANGE_LOOP_ANALYSIS = YES;
				CLANG_WARN_STRICT_PROTOTYPES = YES;
				CLANG_WARN_SUSPICIOUS_MOVE = YES;
				CLANG_WARN_UNGUARDED_AVAILABILITY = YES_AGGRESSIVE;
				CLANG_WARN_UNREACHABLE_CODE = YES;
				CLANG_WARN__DUPLICATE_METHOD_MATCH = YES;
				COPY_PHASE_STRIP = NO;
				DEBUG_INFORMATION_FORMAT = dwarf;
				ENABLE_STRICT_OBJC_MSGSEND = YES;
				ENABLE_TESTABILITY = YES;
				GCC_C_LANGUAGE_STANDARD = gnu11;
				GCC_DYNAMIC_NO_PIC = NO;
				GCC_NO_COMMON_BLOCKS = YES;
				GCC_OPTIMIZATION_LEVEL = 0;
				GCC_PREPROCESSOR_DEFINITIONS = (
					"DEBUG=1",
					"$(inherited)",
				);
				GCC_WARN_64_TO_32_BIT_CONVERSION = YES;
				GCC_WARN_ABOUT_RETURN_TYPE = YES_ERROR;
				GCC_WARN_UNDECLARED_SELECTOR = YES;
				GCC_WARN_UNINITIALIZED_AUTOS = YES_AGGRESSIVE;
				GCC_WARN_UNUSED_FUNCTION = YES;
				GCC_WARN_UNUSED_VARIABLE = YES;
				IPHONEOS_DEPLOYMENT_TARGET = 14.0;
				MTL_ENABLE_DEBUG_INFO = INCLUDE_SOURCE;
				MTL_FAST_MATH = YES;
				ONLY_ACTIVE_ARCH = YES;
				SDKROOT = iphoneos;
				SWIFT_ACTIVE_COMPILATION_CONDITIONS = DEBUG;
				SWIFT_OPTIMIZATION_LEVEL = "-Onone";
			};
			name = Debug;
		};
		54FFA6C629845AEF0064E415 /* Release */ = {
			isa = XCBuildConfiguration;
			buildSettings = {
				ALWAYS_SEARCH_USER_PATHS = NO;
				CLANG_ANALYZER_NONNULL = YES;
				CLANG_ANALYZER_NUMBER_OBJECT_CONVERSION = YES_AGGRESSIVE;
				CLANG_CXX_LANGUAGE_STANDARD = "gnu++20";
				CLANG_ENABLE_MODULES = YES;
				CLANG_ENABLE_OBJC_ARC = YES;
				CLANG_ENABLE_OBJC_WEAK = YES;
				CLANG_WARN_BLOCK_CAPTURE_AUTORELEASING = YES;
				CLANG_WARN_BOOL_CONVERSION = YES;
				CLANG_WARN_COMMA = YES;
				CLANG_WARN_CONSTANT_CONVERSION = YES;
				CLANG_WARN_DEPRECATED_OBJC_IMPLEMENTATIONS = YES;
				CLANG_WARN_DIRECT_OBJC_ISA_USAGE = YES_ERROR;
				CLANG_WARN_DOCUMENTATION_COMMENTS = YES;
				CLANG_WARN_EMPTY_BODY = YES;
				CLANG_WARN_ENUM_CONVERSION = YES;
				CLANG_WARN_INFINITE_RECURSION = YES;
				CLANG_WARN_INT_CONVERSION = YES;
				CLANG_WARN_NON_LITERAL_NULL_CONVERSION = YES;
				CLANG_WARN_OBJC_IMPLICIT_RETAIN_SELF = YES;
				CLANG_WARN_OBJC_LITERAL_CONVERSION = YES;
				CLANG_WARN_OBJC_ROOT_CLASS = YES_ERROR;
				CLANG_WARN_QUOTED_INCLUDE_IN_FRAMEWORK_HEADER = YES;
				CLANG_WARN_RANGE_LOOP_ANALYSIS = YES;
				CLANG_WARN_STRICT_PROTOTYPES = YES;
				CLANG_WARN_SUSPICIOUS_MOVE = YES;
				CLANG_WARN_UNGUARDED_AVAILABILITY = YES_AGGRESSIVE;
				CLANG_WARN_UNREACHABLE_CODE = YES;
				CLANG_WARN__DUPLICATE_METHOD_MATCH = YES;
				COPY_PHASE_STRIP = NO;
				DEBUG_INFORMATION_FORMAT = "dwarf-with-dsym";
				ENABLE_NS_ASSERTIONS = NO;
				ENABLE_STRICT_OBJC_MSGSEND = YES;
				GCC_C_LANGUAGE_STANDARD = gnu11;
				GCC_NO_COMMON_BLOCKS = YES;
				GCC_WARN_64_TO_32_BIT_CONVERSION = YES;
				GCC_WARN_ABOUT_RETURN_TYPE = YES_ERROR;
				GCC_WARN_UNDECLARED_SELECTOR = YES;
				GCC_WARN_UNINITIALIZED_AUTOS = YES_AGGRESSIVE;
				GCC_WARN_UNUSED_FUNCTION = YES;
				GCC_WARN_UNUSED_VARIABLE = YES;
				IPHONEOS_DEPLOYMENT_TARGET = 14.0;
				MTL_ENABLE_DEBUG_INFO = NO;
				MTL_FAST_MATH = YES;
				SDKROOT = iphoneos;
				SWIFT_COMPILATION_MODE = wholemodule;
				SWIFT_OPTIMIZATION_LEVEL = "-O";
				VALIDATE_PRODUCT = YES;
			};
			name = Release;
		};
		54FFA6C829845AEF0064E415 /* Debug */ = {
			isa = XCBuildConfiguration;
			baseConfigurationReference = 54AF32EAEA689095E097E9F9 /* Pods-SportNews.debug.xcconfig */;
			buildSettings = {
				ASSETCATALOG_COMPILER_APPICON_NAME = AppIcon;
				ASSETCATALOG_COMPILER_GLOBAL_ACCENT_COLOR_NAME = AccentColor;
				CODE_SIGN_STYLE = Automatic;
				CURRENT_PROJECT_VERSION = 1;
				DEVELOPMENT_TEAM = QK348HV74W;
				GENERATE_INFOPLIST_FILE = YES;
				INFOPLIST_FILE = SportNews/Resources/Info.plist;
				INFOPLIST_KEY_UIApplicationSupportsIndirectInputEvents = YES;
				INFOPLIST_KEY_UILaunchStoryboardName = LaunchScreen.storyboard;
				INFOPLIST_KEY_UIMainStoryboardFile = Main;
				INFOPLIST_KEY_UISupportedInterfaceOrientations = UIInterfaceOrientationPortrait;
				IPHONEOS_DEPLOYMENT_TARGET = 14.0;
				LD_RUNPATH_SEARCH_PATHS = (
					"$(inherited)",
					"@executable_path/Frameworks",
				);
				MARKETING_VERSION = 1.0;
				PRODUCT_BUNDLE_IDENTIFIER = com.serhankhan.SportNews;
				PRODUCT_NAME = "$(TARGET_NAME)";
				SWIFT_EMIT_LOC_STRINGS = YES;
				SWIFT_VERSION = 5.0;
				TARGETED_DEVICE_FAMILY = "1,2";
			};
			name = Debug;
		};
		54FFA6C929845AEF0064E415 /* Release */ = {
			isa = XCBuildConfiguration;
			baseConfigurationReference = 74FC1251F9E1ADE1B30D0EBE /* Pods-SportNews.release.xcconfig */;
			buildSettings = {
				ASSETCATALOG_COMPILER_APPICON_NAME = AppIcon;
				ASSETCATALOG_COMPILER_GLOBAL_ACCENT_COLOR_NAME = AccentColor;
				CODE_SIGN_STYLE = Automatic;
				CURRENT_PROJECT_VERSION = 1;
				DEVELOPMENT_TEAM = QK348HV74W;
				GENERATE_INFOPLIST_FILE = YES;
				INFOPLIST_FILE = SportNews/Resources/Info.plist;
				INFOPLIST_KEY_UIApplicationSupportsIndirectInputEvents = YES;
				INFOPLIST_KEY_UILaunchStoryboardName = LaunchScreen.storyboard;
				INFOPLIST_KEY_UIMainStoryboardFile = Main;
				INFOPLIST_KEY_UISupportedInterfaceOrientations = UIInterfaceOrientationPortrait;
				IPHONEOS_DEPLOYMENT_TARGET = 14.0;
				LD_RUNPATH_SEARCH_PATHS = (
					"$(inherited)",
					"@executable_path/Frameworks",
				);
				MARKETING_VERSION = 1.0;
				PRODUCT_BUNDLE_IDENTIFIER = com.serhankhan.SportNews;
				PRODUCT_NAME = "$(TARGET_NAME)";
				SWIFT_EMIT_LOC_STRINGS = YES;
				SWIFT_VERSION = 5.0;
				TARGETED_DEVICE_FAMILY = "1,2";
			};
			name = Release;
		};
		54FFA6CB29845AEF0064E415 /* Debug */ = {
			isa = XCBuildConfiguration;
			baseConfigurationReference = E2A9803B248249D158F24F0D /* Pods-SportNewsTests.debug.xcconfig */;
			buildSettings = {
				ALWAYS_EMBED_SWIFT_STANDARD_LIBRARIES = YES;
				BUNDLE_LOADER = "$(TEST_HOST)";
				CODE_SIGN_STYLE = Automatic;
				CURRENT_PROJECT_VERSION = 1;
				DEVELOPMENT_TEAM = QK348HV74W;
				GENERATE_INFOPLIST_FILE = YES;
				IPHONEOS_DEPLOYMENT_TARGET = 16.2;
				MARKETING_VERSION = 1.0;
				PRODUCT_BUNDLE_IDENTIFIER = com.serhankhan.SportNewsTests;
				PRODUCT_NAME = "$(TARGET_NAME)";
				SWIFT_EMIT_LOC_STRINGS = NO;
				SWIFT_VERSION = 5.0;
				TARGETED_DEVICE_FAMILY = "1,2";
				TEST_HOST = "$(BUILT_PRODUCTS_DIR)/SportNews.app/$(BUNDLE_EXECUTABLE_FOLDER_PATH)/SportNews";
			};
			name = Debug;
		};
		54FFA6CC29845AEF0064E415 /* Release */ = {
			isa = XCBuildConfiguration;
			baseConfigurationReference = 3B9B65007BCA6E0DCA4A44C0 /* Pods-SportNewsTests.release.xcconfig */;
			buildSettings = {
				ALWAYS_EMBED_SWIFT_STANDARD_LIBRARIES = YES;
				BUNDLE_LOADER = "$(TEST_HOST)";
				CODE_SIGN_STYLE = Automatic;
				CURRENT_PROJECT_VERSION = 1;
				DEVELOPMENT_TEAM = QK348HV74W;
				GENERATE_INFOPLIST_FILE = YES;
				IPHONEOS_DEPLOYMENT_TARGET = 16.2;
				MARKETING_VERSION = 1.0;
				PRODUCT_BUNDLE_IDENTIFIER = com.serhankhan.SportNewsTests;
				PRODUCT_NAME = "$(TARGET_NAME)";
				SWIFT_EMIT_LOC_STRINGS = NO;
				SWIFT_VERSION = 5.0;
				TARGETED_DEVICE_FAMILY = "1,2";
				TEST_HOST = "$(BUILT_PRODUCTS_DIR)/SportNews.app/$(BUNDLE_EXECUTABLE_FOLDER_PATH)/SportNews";
			};
			name = Release;
		};
		54FFA6CE29845AEF0064E415 /* Debug */ = {
			isa = XCBuildConfiguration;
			baseConfigurationReference = 1EF35DE3BD06CC3968A254E8 /* Pods-SportNews-SportNewsUITests.debug.xcconfig */;
			buildSettings = {
				ALWAYS_EMBED_SWIFT_STANDARD_LIBRARIES = YES;
				CODE_SIGN_STYLE = Automatic;
				CURRENT_PROJECT_VERSION = 1;
				DEVELOPMENT_TEAM = QK348HV74W;
				GENERATE_INFOPLIST_FILE = YES;
				MARKETING_VERSION = 1.0;
				PRODUCT_BUNDLE_IDENTIFIER = com.serhankhan.SportNewsUITests;
				PRODUCT_NAME = "$(TARGET_NAME)";
				SWIFT_EMIT_LOC_STRINGS = NO;
				SWIFT_VERSION = 5.0;
				TARGETED_DEVICE_FAMILY = "1,2";
				TEST_TARGET_NAME = SportNews;
			};
			name = Debug;
		};
		54FFA6CF29845AEF0064E415 /* Release */ = {
			isa = XCBuildConfiguration;
			baseConfigurationReference = CE913F1A632F5800B65F03F9 /* Pods-SportNews-SportNewsUITests.release.xcconfig */;
			buildSettings = {
				ALWAYS_EMBED_SWIFT_STANDARD_LIBRARIES = YES;
				CODE_SIGN_STYLE = Automatic;
				CURRENT_PROJECT_VERSION = 1;
				DEVELOPMENT_TEAM = QK348HV74W;
				GENERATE_INFOPLIST_FILE = YES;
				MARKETING_VERSION = 1.0;
				PRODUCT_BUNDLE_IDENTIFIER = com.serhankhan.SportNewsUITests;
				PRODUCT_NAME = "$(TARGET_NAME)";
				SWIFT_EMIT_LOC_STRINGS = NO;
				SWIFT_VERSION = 5.0;
				TARGETED_DEVICE_FAMILY = "1,2";
				TEST_TARGET_NAME = SportNews;
			};
			name = Release;
		};
/* End XCBuildConfiguration section */

/* Begin XCConfigurationList section */
		54FFA69829845AEC0064E415 /* Build configuration list for PBXProject "SportNews" */ = {
			isa = XCConfigurationList;
			buildConfigurations = (
				54FFA6C529845AEF0064E415 /* Debug */,
				54FFA6C629845AEF0064E415 /* Release */,
			);
			defaultConfigurationIsVisible = 0;
			defaultConfigurationName = Release;
		};
		54FFA6C729845AEF0064E415 /* Build configuration list for PBXNativeTarget "SportNews" */ = {
			isa = XCConfigurationList;
			buildConfigurations = (
				54FFA6C829845AEF0064E415 /* Debug */,
				54FFA6C929845AEF0064E415 /* Release */,
			);
			defaultConfigurationIsVisible = 0;
			defaultConfigurationName = Release;
		};
		54FFA6CA29845AEF0064E415 /* Build configuration list for PBXNativeTarget "SportNewsTests" */ = {
			isa = XCConfigurationList;
			buildConfigurations = (
				54FFA6CB29845AEF0064E415 /* Debug */,
				54FFA6CC29845AEF0064E415 /* Release */,
			);
			defaultConfigurationIsVisible = 0;
			defaultConfigurationName = Release;
		};
		54FFA6CD29845AEF0064E415 /* Build configuration list for PBXNativeTarget "SportNewsUITests" */ = {
			isa = XCConfigurationList;
			buildConfigurations = (
				54FFA6CE29845AEF0064E415 /* Debug */,
				54FFA6CF29845AEF0064E415 /* Release */,
			);
			defaultConfigurationIsVisible = 0;
			defaultConfigurationName = Release;
		};
/* End XCConfigurationList section */
	};
	rootObject = 54FFA69529845AEC0064E415 /* Project object */;
}
